
Microsoft Visual Studio Solution File, Format Version 12.00
# Visual Studio Version 17
VisualStudioVersion = 17.9.34723.18
MinimumVisualStudioVersion = 10.0.40219.1
Project("{8BC9CEB8-8B4A-11D0-8D11-00A0C91BC942}") = "lesson_000", "lesson_000\lesson_000.vcxproj", "{B9CF43B2-C8CA-4699-BE0A-F9345BA14826}"
EndProject
Project("{8BC9CEB8-8B4A-11D0-8D11-00A0C91BC942}") = "lesson_001", "lesson_001\lesson_001.vcxproj", "{BF9DC729-CBF4-4D87-B622-9659B9ECE26B}"
EndProject
Project("{8BC9CEB8-8B4A-11D0-8D11-00A0C91BC942}") = "lesson_002", "lesson_002\lesson_002.vcxproj", "{3C96F1C3-E4E8-4710-B32F-E4512B0A2C8D}"
EndProject
Project("{8BC9CEB8-8B4A-11D0-8D11-00A0C91BC942}") = "lesson_003", "lesson_003\lesson_003.vcxproj", "{454C889A-67BB-4AFA-BE0E-D87D1C583FEE}"
EndProject
Project("{8BC9CEB8-8B4A-11D0-8D11-00A0C91BC942}") = "lesson_004", "lesson_004\lesson_004.vcxproj", "{8F1826EC-2E30-4C1F-9242-4DC7063E02EC}"
EndProject
Project("{8BC9CEB8-8B4A-11D0-8D11-00A0C91BC942}") = "lesson_005", "lesson_005\lesson_005.vcxproj", "{524DB2EF-2DAE-47A4-8D4C-CD8F31BEFDC4}"
EndProject
Project("{8BC9CEB8-8B4A-11D0-8D11-00A0C91BC942}") = "lesson_006", "lesson_006\lesson_006.vcxproj", "{CA1A4DC4-4431-4570-8474-2A24209C5F99}"
EndProject
Project("{8BC9CEB8-8B4A-11D0-8D11-00A0C91BC942}") = "lesson_007", "lesson_007\lesson_007.vcxproj", "{19ED0667-B688-454F-B4BF-BD80583499A3}"
EndProject
Project("{8BC9CEB8-8B4A-11D0-8D11-00A0C91BC942}") = "lesson_008", "lesson_008\lesson_008.vcxproj", "{9C077C64-E62C-40FB-BD8E-A73F52EE8D47}"
EndProject
Project("{8BC9CEB8-8B4A-11D0-8D11-00A0C91BC942}") = "lesson_009", "lesson_009\lesson_009.vcxproj", "{C6F53F7B-8CA1-471A-971C-A10566858420}"
EndProject
Project("{8BC9CEB8-8B4A-11D0-8D11-00A0C91BC942}") = "lesson_010", "lesson_010\lesson_010.vcxproj", "{B5BA0D14-E56D-4A23-B7E0-9DFFA2DC4D6E}"
EndProject
Project("{8BC9CEB8-8B4A-11D0-8D11-00A0C91BC942}") = "lesson_011", "lesson_011\lesson_011.vcxproj", "{6934D3D1-C7F3-4205-8773-14E0E922BB1A}"
EndProject
Project("{8BC9CEB8-8B4A-11D0-8D11-00A0C91BC942}") = "lesson_012", "lesson_012\lesson_012.vcxproj", "{4E40F1EC-B458-461E-BE29-7EB605DF7A02}"
EndProject
Project("{8BC9CEB8-8B4A-11D0-8D11-00A0C91BC942}") = "lesson_013", "lesson_013\lesson_013.vcxproj", "{46AC7935-E686-4110-8889-598D72161122}"
EndProject
Project("{8BC9CEB8-8B4A-11D0-8D11-00A0C91BC942}") = "lesson_014", "lesson_014\lesson_014.vcxproj", "{CF6A1B6B-7230-4F8C-87B8-AF119ECAB56D}"
EndProject
Project("{8BC9CEB8-8B4A-11D0-8D11-00A0C91BC942}") = "lesson_015", "lesson_015\lesson_015.vcxproj", "{3F8783BC-8FF7-4084-B8F8-1DA4BC6718B4}"
EndProject
Project("{8BC9CEB8-8B4A-11D0-8D11-00A0C91BC942}") = "lesson_016", "lesson_016\lesson_016.vcxproj", "{B1295F98-AA84-403E-9766-2850B3D73BC3}"
EndProject
Project("{8BC9CEB8-8B4A-11D0-8D11-00A0C91BC942}") = "lesson_017", "lesson_017\lesson_017.vcxproj", "{14F68FD4-E52F-4D67-9E7A-CD0D3DD0D3DC}"
EndProject
Project("{8BC9CEB8-8B4A-11D0-8D11-00A0C91BC942}") = "lesson_018", "lesson_018\lesson_018.vcxproj", "{F0D8C555-9B96-40BD-909C-FFAE3F8C72CB}"
EndProject
Project("{8BC9CEB8-8B4A-11D0-8D11-00A0C91BC942}") = "lesson_019", "lesson_019\lesson_019.vcxproj", "{A9193EC2-D9B9-4DB5-8221-632580628F87}"
EndProject
Project("{8BC9CEB8-8B4A-11D0-8D11-00A0C91BC942}") = "lesson_020", "lesson_020\lesson_020.vcxproj", "{B6B06454-E980-42A1-9806-F79756AFABBC}"
EndProject
Project("{8BC9CEB8-8B4A-11D0-8D11-00A0C91BC942}") = "lesson_021", "lesson_021\lesson_021.vcxproj", "{DB02DC76-FD62-4BC3-9D33-4183E9055468}"
EndProject
Project("{8BC9CEB8-8B4A-11D0-8D11-00A0C91BC942}") = "lesson_022", "lesson_022\lesson_022.vcxproj", "{D2DA962D-0AD7-46FB-A5CD-F49EF59B41F6}"
EndProject
Project("{8BC9CEB8-8B4A-11D0-8D11-00A0C91BC942}") = "lesson_023", "lesson_023\lesson_023.vcxproj", "{CB262987-6D29-4783-8D7D-25EC372DE6B6}"
EndProject
Project("{8BC9CEB8-8B4A-11D0-8D11-00A0C91BC942}") = "lesson_024", "lesson_024\lesson_024.vcxproj", "{8136CF32-A61C-4B66-B194-8512EF3ED719}"
EndProject
Project("{8BC9CEB8-8B4A-11D0-8D11-00A0C91BC942}") = "lesson_025", "lesson_025\lesson_025.vcxproj", "{C53C2A5D-941F-4424-874D-4BCEDC57D813}"
EndProject
Project("{8BC9CEB8-8B4A-11D0-8D11-00A0C91BC942}") = "lesson_026", "lesson_026\lesson_026.vcxproj", "{759BEF55-2C9D-4D5F-800E-8CE91CD31965}"
EndProject
Project("{8BC9CEB8-8B4A-11D0-8D11-00A0C91BC942}") = "lesson_027", "lesson_027\lesson_027.vcxproj", "{3F23D052-B6C7-4BF3-9ABF-9861783C696C}"
EndProject
Project("{8BC9CEB8-8B4A-11D0-8D11-00A0C91BC942}") = "lesson_028", "lesson_028\lesson_028.vcxproj", "{0BD51970-0205-4559-B2C1-85A53CFB3039}"
EndProject
Project("{8BC9CEB8-8B4A-11D0-8D11-00A0C91BC942}") = "lesson_029", "lesson_029\lesson_029.vcxproj", "{73252F8B-B6EA-463D-A778-DBAF4F67A0AB}"
EndProject
Project("{8BC9CEB8-8B4A-11D0-8D11-00A0C91BC942}") = "lesson_030", "lesson_030\lesson_030.vcxproj", "{B20392AA-C25F-4173-A5D6-9826DF0928CC}"
EndProject
Project("{8BC9CEB8-8B4A-11D0-8D11-00A0C91BC942}") = "lesson_031", "lesson_031\lesson_031.vcxproj", "{834E3E67-89EC-481B-934D-299390E8CC1E}"
EndProject
Project("{8BC9CEB8-8B4A-11D0-8D11-00A0C91BC942}") = "lesson_032", "lesson_032\lesson_032.vcxproj", "{08AC4076-5D5B-4C2F-AE7B-9C0674CBA32F}"
EndProject
Project("{8BC9CEB8-8B4A-11D0-8D11-00A0C91BC942}") = "lesson_033", "lesson_033\lesson_033.vcxproj", "{28FC6F82-CBC0-4391-81A5-28E62BD48B2A}"
EndProject
Project("{8BC9CEB8-8B4A-11D0-8D11-00A0C91BC942}") = "lesson_034", "lesson_034\lesson_034.vcxproj", "{61EE321F-F708-430B-B1D2-E67F22CF6BF7}"
EndProject
Project("{8BC9CEB8-8B4A-11D0-8D11-00A0C91BC942}") = "lesson_035", "lesson_035\lesson_035.vcxproj", "{AAA7E964-8F5B-4B3D-BCD1-5B9279AA2A66}"
EndProject
Project("{8BC9CEB8-8B4A-11D0-8D11-00A0C91BC942}") = "lesson_036", "lesson_036\lesson_036.vcxproj", "{B6697D34-E264-4737-8B7F-120813DED63E}"
EndProject
Project("{8BC9CEB8-8B4A-11D0-8D11-00A0C91BC942}") = "lesson_037", "lesson_037\lesson_037.vcxproj", "{C4ECCE78-2680-4262-8BF7-7C1EFACD9F31}"
EndProject
Project("{8BC9CEB8-8B4A-11D0-8D11-00A0C91BC942}") = "lesson_038", "lesson_038\lesson_038.vcxproj", "{0ED28993-2158-4F63-8B63-319293DF568C}"
EndProject
Project("{8BC9CEB8-8B4A-11D0-8D11-00A0C91BC942}") = "lesson_039", "lesson_039\lesson_039.vcxproj", "{2CE65FC6-8734-4C17-BACF-25815FD32E0D}"
EndProject
Project("{8BC9CEB8-8B4A-11D0-8D11-00A0C91BC942}") = "lesson_040", "lesson_040\lesson_040.vcxproj", "{565ECBF3-804C-4F21-B6F2-03AE046402B4}"
EndProject
Project("{8BC9CEB8-8B4A-11D0-8D11-00A0C91BC942}") = "lesson_041", "lesson_041\lesson_041.vcxproj", "{B708AEC1-2408-48C9-A2EF-12CD1846622D}"
EndProject
Project("{8BC9CEB8-8B4A-11D0-8D11-00A0C91BC942}") = "lesson_042", "lesson_042\lesson_042.vcxproj", "{6A4E6F5D-A5AC-4400-B109-F248DE7EFCBE}"
EndProject
Project("{8BC9CEB8-8B4A-11D0-8D11-00A0C91BC942}") = "lesson_043", "lesson_043\lesson_043.vcxproj", "{534B30C0-0378-4946-B4D3-0968CEAB6AE8}"
EndProject
Project("{8BC9CEB8-8B4A-11D0-8D11-00A0C91BC942}") = "lesson_044", "lesson_044\lesson_044.vcxproj", "{C14A0B66-DA7B-46D9-8B82-23BE660B506A}"
EndProject
Project("{8BC9CEB8-8B4A-11D0-8D11-00A0C91BC942}") = "lesson_045", "lesson_045\lesson_045.vcxproj", "{10DB05B5-F005-467A-A738-4057A1618B71}"
EndProject
Project("{8BC9CEB8-8B4A-11D0-8D11-00A0C91BC942}") = "lesson_046", "lesson_046\lesson_046.vcxproj", "{723575F1-4433-4CEE-9FE4-1CDEB6B8C682}"
EndProject
Project("{8BC9CEB8-8B4A-11D0-8D11-00A0C91BC942}") = "lesson_047", "lesson_047\lesson_047.vcxproj", "{7BDBC08B-1435-4D59-BEEE-50A7B4C28700}"
EndProject
Project("{8BC9CEB8-8B4A-11D0-8D11-00A0C91BC942}") = "lesson_048", "lesson_048\lesson_048.vcxproj", "{0DFBA6E0-59CD-4E71-A56F-78729A2D8136}"
EndProject
Project("{8BC9CEB8-8B4A-11D0-8D11-00A0C91BC942}") = "lesson_049", "lesson_049\lesson_049.vcxproj", "{A4E983ED-9260-4FA6-8C5F-CDC60C16076E}"
EndProject
Project("{8BC9CEB8-8B4A-11D0-8D11-00A0C91BC942}") = "lesson_050", "lesson_050\lesson_050.vcxproj", "{BA7E3197-94D8-4FBF-B6D9-7A1E478DFDCA}"
EndProject
Project("{8BC9CEB8-8B4A-11D0-8D11-00A0C91BC942}") = "lesson_051", "lesson_051\lesson_051.vcxproj", "{FD65FCBF-3714-45B0-9BEA-FC1245E75653}"
EndProject
Project("{8BC9CEB8-8B4A-11D0-8D11-00A0C91BC942}") = "lesson_052", "lesson_052\lesson_052.vcxproj", "{BDF33175-D1ED-42AA-B5CC-B2851EA17427}"
EndProject
Project("{8BC9CEB8-8B4A-11D0-8D11-00A0C91BC942}") = "lesson_053", "lesson_053\lesson_053.vcxproj", "{1630D7F3-249B-42BB-A29D-12899FBE7ADE}"
EndProject
Project("{8BC9CEB8-8B4A-11D0-8D11-00A0C91BC942}") = "lesson_054", "lesson_054\lesson_054.vcxproj", "{15E6D063-15ED-46C8-A3EC-C22B09F8ECFF}"
EndProject
Project("{8BC9CEB8-8B4A-11D0-8D11-00A0C91BC942}") = "lesson_055", "lesson_055\lesson_055.vcxproj", "{8E51F5B9-12EE-4014-83C6-DB21B6FC9687}"
EndProject
Project("{8BC9CEB8-8B4A-11D0-8D11-00A0C91BC942}") = "lesson_056", "lesson_056\lesson_056.vcxproj", "{C04B79E1-25FE-462C-B0C8-3509ED6B8F48}"
EndProject
Project("{8BC9CEB8-8B4A-11D0-8D11-00A0C91BC942}") = "lesson_057", "lesson_057\lesson_057.vcxproj", "{3566C7CF-E49C-4428-A874-8671F1323A38}"
EndProject
Project("{8BC9CEB8-8B4A-11D0-8D11-00A0C91BC942}") = "lesson_058", "lesson_058\lesson_058.vcxproj", "{572FCC28-CF3F-40F3-BA75-26D3D339809B}"
EndProject
Project("{8BC9CEB8-8B4A-11D0-8D11-00A0C91BC942}") = "lesson_059", "lesson_059\lesson_059.vcxproj", "{99EDE12E-3A6F-4DCB-AE41-801B3222DE63}"
EndProject
Project("{8BC9CEB8-8B4A-11D0-8D11-00A0C91BC942}") = "lesson_060", "lesson_060\lesson_060.vcxproj", "{25853920-BA5B-4A00-A05C-89FB1E759C37}"
EndProject
Project("{8BC9CEB8-8B4A-11D0-8D11-00A0C91BC942}") = "lesson_061", "lesson_061\lesson_061.vcxproj", "{FCB7D2D5-7D0F-4029-BD24-2CFA9174160A}"
EndProject
Project("{8BC9CEB8-8B4A-11D0-8D11-00A0C91BC942}") = "lesson_062", "lesson_062\lesson_062.vcxproj", "{825145FA-7BDD-4C0C-A7D4-169C0C09C643}"
EndProject
Project("{8BC9CEB8-8B4A-11D0-8D11-00A0C91BC942}") = "lesson_063", "lesson_063\lesson_063.vcxproj", "{5383E747-4775-40FE-AF66-EF1DCF3DC5FB}"
EndProject
Project("{8BC9CEB8-8B4A-11D0-8D11-00A0C91BC942}") = "lesson_064", "lesson_064\lesson_064.vcxproj", "{9814AD3A-95E7-42F2-988D-5384BB00B671}"
EndProject
Project("{8BC9CEB8-8B4A-11D0-8D11-00A0C91BC942}") = "lesson_065", "lesson_065\lesson_065.vcxproj", "{637688AA-3534-4B0F-9B7B-9002AAE78D39}"
EndProject
Project("{8BC9CEB8-8B4A-11D0-8D11-00A0C91BC942}") = "lesson_066", "lesson_066\lesson_066.vcxproj", "{A38C7F67-1B86-423F-AF71-E88AB464CDDB}"
EndProject
Project("{8BC9CEB8-8B4A-11D0-8D11-00A0C91BC942}") = "lesson_067", "lesson_067\lesson_067.vcxproj", "{349F0E44-91E9-47CC-913B-5F8DAC719B25}"
EndProject
Project("{8BC9CEB8-8B4A-11D0-8D11-00A0C91BC942}") = "lesson_068", "lesson_068\lesson_068.vcxproj", "{C906C4EB-2E21-424B-B345-E1BAB336C335}"
EndProject
Project("{8BC9CEB8-8B4A-11D0-8D11-00A0C91BC942}") = "lesson_069", "lesson_069\lesson_069.vcxproj", "{D8942989-1F86-40C5-9041-1EFE8BA2731F}"
EndProject
Global
	GlobalSection(SolutionConfigurationPlatforms) = preSolution
		Debug|x64 = Debug|x64
		Debug|x86 = Debug|x86
		Release|x64 = Release|x64
		Release|x86 = Release|x86
	EndGlobalSection
	GlobalSection(ProjectConfigurationPlatforms) = postSolution
		{B9CF43B2-C8CA-4699-BE0A-F9345BA14826}.Debug|x64.ActiveCfg = Debug|x64
		{B9CF43B2-C8CA-4699-BE0A-F9345BA14826}.Debug|x64.Build.0 = Debug|x64
		{B9CF43B2-C8CA-4699-BE0A-F9345BA14826}.Debug|x86.ActiveCfg = Debug|Win32
		{B9CF43B2-C8CA-4699-BE0A-F9345BA14826}.Debug|x86.Build.0 = Debug|Win32
		{B9CF43B2-C8CA-4699-BE0A-F9345BA14826}.Release|x64.ActiveCfg = Release|x64
		{B9CF43B2-C8CA-4699-BE0A-F9345BA14826}.Release|x64.Build.0 = Release|x64
		{B9CF43B2-C8CA-4699-BE0A-F9345BA14826}.Release|x86.ActiveCfg = Release|Win32
		{B9CF43B2-C8CA-4699-BE0A-F9345BA14826}.Release|x86.Build.0 = Release|Win32
		{BF9DC729-CBF4-4D87-B622-9659B9ECE26B}.Debug|x64.ActiveCfg = Debug|x64
		{BF9DC729-CBF4-4D87-B622-9659B9ECE26B}.Debug|x64.Build.0 = Debug|x64
		{BF9DC729-CBF4-4D87-B622-9659B9ECE26B}.Debug|x86.ActiveCfg = Debug|Win32
		{BF9DC729-CBF4-4D87-B622-9659B9ECE26B}.Debug|x86.Build.0 = Debug|Win32
		{BF9DC729-CBF4-4D87-B622-9659B9ECE26B}.Release|x64.ActiveCfg = Release|x64
		{BF9DC729-CBF4-4D87-B622-9659B9ECE26B}.Release|x64.Build.0 = Release|x64
		{BF9DC729-CBF4-4D87-B622-9659B9ECE26B}.Release|x86.ActiveCfg = Release|Win32
		{BF9DC729-CBF4-4D87-B622-9659B9ECE26B}.Release|x86.Build.0 = Release|Win32
		{3C96F1C3-E4E8-4710-B32F-E4512B0A2C8D}.Debug|x64.ActiveCfg = Debug|x64
		{3C96F1C3-E4E8-4710-B32F-E4512B0A2C8D}.Debug|x64.Build.0 = Debug|x64
		{3C96F1C3-E4E8-4710-B32F-E4512B0A2C8D}.Debug|x86.ActiveCfg = Debug|Win32
		{3C96F1C3-E4E8-4710-B32F-E4512B0A2C8D}.Debug|x86.Build.0 = Debug|Win32
		{3C96F1C3-E4E8-4710-B32F-E4512B0A2C8D}.Release|x64.ActiveCfg = Release|x64
		{3C96F1C3-E4E8-4710-B32F-E4512B0A2C8D}.Release|x64.Build.0 = Release|x64
		{3C96F1C3-E4E8-4710-B32F-E4512B0A2C8D}.Release|x86.ActiveCfg = Release|Win32
		{3C96F1C3-E4E8-4710-B32F-E4512B0A2C8D}.Release|x86.Build.0 = Release|Win32
		{454C889A-67BB-4AFA-BE0E-D87D1C583FEE}.Debug|x64.ActiveCfg = Debug|x64
		{454C889A-67BB-4AFA-BE0E-D87D1C583FEE}.Debug|x64.Build.0 = Debug|x64
		{454C889A-67BB-4AFA-BE0E-D87D1C583FEE}.Debug|x86.ActiveCfg = Debug|Win32
		{454C889A-67BB-4AFA-BE0E-D87D1C583FEE}.Debug|x86.Build.0 = Debug|Win32
		{454C889A-67BB-4AFA-BE0E-D87D1C583FEE}.Release|x64.ActiveCfg = Release|x64
		{454C889A-67BB-4AFA-BE0E-D87D1C583FEE}.Release|x64.Build.0 = Release|x64
		{454C889A-67BB-4AFA-BE0E-D87D1C583FEE}.Release|x86.ActiveCfg = Release|Win32
		{454C889A-67BB-4AFA-BE0E-D87D1C583FEE}.Release|x86.Build.0 = Release|Win32
		{8F1826EC-2E30-4C1F-9242-4DC7063E02EC}.Debug|x64.ActiveCfg = Debug|x64
		{8F1826EC-2E30-4C1F-9242-4DC7063E02EC}.Debug|x64.Build.0 = Debug|x64
		{8F1826EC-2E30-4C1F-9242-4DC7063E02EC}.Debug|x86.ActiveCfg = Debug|Win32
		{8F1826EC-2E30-4C1F-9242-4DC7063E02EC}.Debug|x86.Build.0 = Debug|Win32
		{8F1826EC-2E30-4C1F-9242-4DC7063E02EC}.Release|x64.ActiveCfg = Release|x64
		{8F1826EC-2E30-4C1F-9242-4DC7063E02EC}.Release|x64.Build.0 = Release|x64
		{8F1826EC-2E30-4C1F-9242-4DC7063E02EC}.Release|x86.ActiveCfg = Release|Win32
		{8F1826EC-2E30-4C1F-9242-4DC7063E02EC}.Release|x86.Build.0 = Release|Win32
		{524DB2EF-2DAE-47A4-8D4C-CD8F31BEFDC4}.Debug|x64.ActiveCfg = Debug|x64
		{524DB2EF-2DAE-47A4-8D4C-CD8F31BEFDC4}.Debug|x64.Build.0 = Debug|x64
		{524DB2EF-2DAE-47A4-8D4C-CD8F31BEFDC4}.Debug|x86.ActiveCfg = Debug|Win32
		{524DB2EF-2DAE-47A4-8D4C-CD8F31BEFDC4}.Debug|x86.Build.0 = Debug|Win32
		{524DB2EF-2DAE-47A4-8D4C-CD8F31BEFDC4}.Release|x64.ActiveCfg = Release|x64
		{524DB2EF-2DAE-47A4-8D4C-CD8F31BEFDC4}.Release|x64.Build.0 = Release|x64
		{524DB2EF-2DAE-47A4-8D4C-CD8F31BEFDC4}.Release|x86.ActiveCfg = Release|Win32
		{524DB2EF-2DAE-47A4-8D4C-CD8F31BEFDC4}.Release|x86.Build.0 = Release|Win32
		{CA1A4DC4-4431-4570-8474-2A24209C5F99}.Debug|x64.ActiveCfg = Debug|x64
		{CA1A4DC4-4431-4570-8474-2A24209C5F99}.Debug|x64.Build.0 = Debug|x64
		{CA1A4DC4-4431-4570-8474-2A24209C5F99}.Debug|x86.ActiveCfg = Debug|Win32
		{CA1A4DC4-4431-4570-8474-2A24209C5F99}.Debug|x86.Build.0 = Debug|Win32
		{CA1A4DC4-4431-4570-8474-2A24209C5F99}.Release|x64.ActiveCfg = Release|x64
		{CA1A4DC4-4431-4570-8474-2A24209C5F99}.Release|x64.Build.0 = Release|x64
		{CA1A4DC4-4431-4570-8474-2A24209C5F99}.Release|x86.ActiveCfg = Release|Win32
		{CA1A4DC4-4431-4570-8474-2A24209C5F99}.Release|x86.Build.0 = Release|Win32
		{19ED0667-B688-454F-B4BF-BD80583499A3}.Debug|x64.ActiveCfg = Debug|x64
		{19ED0667-B688-454F-B4BF-BD80583499A3}.Debug|x64.Build.0 = Debug|x64
		{19ED0667-B688-454F-B4BF-BD80583499A3}.Debug|x86.ActiveCfg = Debug|Win32
		{19ED0667-B688-454F-B4BF-BD80583499A3}.Debug|x86.Build.0 = Debug|Win32
		{19ED0667-B688-454F-B4BF-BD80583499A3}.Release|x64.ActiveCfg = Release|x64
		{19ED0667-B688-454F-B4BF-BD80583499A3}.Release|x64.Build.0 = Release|x64
		{19ED0667-B688-454F-B4BF-BD80583499A3}.Release|x86.ActiveCfg = Release|Win32
		{19ED0667-B688-454F-B4BF-BD80583499A3}.Release|x86.Build.0 = Release|Win32
		{9C077C64-E62C-40FB-BD8E-A73F52EE8D47}.Debug|x64.ActiveCfg = Debug|x64
		{9C077C64-E62C-40FB-BD8E-A73F52EE8D47}.Debug|x64.Build.0 = Debug|x64
		{9C077C64-E62C-40FB-BD8E-A73F52EE8D47}.Debug|x86.ActiveCfg = Debug|Win32
		{9C077C64-E62C-40FB-BD8E-A73F52EE8D47}.Debug|x86.Build.0 = Debug|Win32
		{9C077C64-E62C-40FB-BD8E-A73F52EE8D47}.Release|x64.ActiveCfg = Release|x64
		{9C077C64-E62C-40FB-BD8E-A73F52EE8D47}.Release|x64.Build.0 = Release|x64
		{9C077C64-E62C-40FB-BD8E-A73F52EE8D47}.Release|x86.ActiveCfg = Release|Win32
		{9C077C64-E62C-40FB-BD8E-A73F52EE8D47}.Release|x86.Build.0 = Release|Win32
		{C6F53F7B-8CA1-471A-971C-A10566858420}.Debug|x64.ActiveCfg = Debug|x64
		{C6F53F7B-8CA1-471A-971C-A10566858420}.Debug|x64.Build.0 = Debug|x64
		{C6F53F7B-8CA1-471A-971C-A10566858420}.Debug|x86.ActiveCfg = Debug|Win32
		{C6F53F7B-8CA1-471A-971C-A10566858420}.Debug|x86.Build.0 = Debug|Win32
		{C6F53F7B-8CA1-471A-971C-A10566858420}.Release|x64.ActiveCfg = Release|x64
		{C6F53F7B-8CA1-471A-971C-A10566858420}.Release|x64.Build.0 = Release|x64
		{C6F53F7B-8CA1-471A-971C-A10566858420}.Release|x86.ActiveCfg = Release|Win32
		{C6F53F7B-8CA1-471A-971C-A10566858420}.Release|x86.Build.0 = Release|Win32
		{B5BA0D14-E56D-4A23-B7E0-9DFFA2DC4D6E}.Debug|x64.ActiveCfg = Debug|x64
		{B5BA0D14-E56D-4A23-B7E0-9DFFA2DC4D6E}.Debug|x64.Build.0 = Debug|x64
		{B5BA0D14-E56D-4A23-B7E0-9DFFA2DC4D6E}.Debug|x86.ActiveCfg = Debug|Win32
		{B5BA0D14-E56D-4A23-B7E0-9DFFA2DC4D6E}.Debug|x86.Build.0 = Debug|Win32
		{B5BA0D14-E56D-4A23-B7E0-9DFFA2DC4D6E}.Release|x64.ActiveCfg = Release|x64
		{B5BA0D14-E56D-4A23-B7E0-9DFFA2DC4D6E}.Release|x64.Build.0 = Release|x64
		{B5BA0D14-E56D-4A23-B7E0-9DFFA2DC4D6E}.Release|x86.ActiveCfg = Release|Win32
		{B5BA0D14-E56D-4A23-B7E0-9DFFA2DC4D6E}.Release|x86.Build.0 = Release|Win32
		{6934D3D1-C7F3-4205-8773-14E0E922BB1A}.Debug|x64.ActiveCfg = Debug|x64
		{6934D3D1-C7F3-4205-8773-14E0E922BB1A}.Debug|x64.Build.0 = Debug|x64
		{6934D3D1-C7F3-4205-8773-14E0E922BB1A}.Debug|x86.ActiveCfg = Debug|Win32
		{6934D3D1-C7F3-4205-8773-14E0E922BB1A}.Debug|x86.Build.0 = Debug|Win32
		{6934D3D1-C7F3-4205-8773-14E0E922BB1A}.Release|x64.ActiveCfg = Release|x64
		{6934D3D1-C7F3-4205-8773-14E0E922BB1A}.Release|x64.Build.0 = Release|x64
		{6934D3D1-C7F3-4205-8773-14E0E922BB1A}.Release|x86.ActiveCfg = Release|Win32
		{6934D3D1-C7F3-4205-8773-14E0E922BB1A}.Release|x86.Build.0 = Release|Win32
		{4E40F1EC-B458-461E-BE29-7EB605DF7A02}.Debug|x64.ActiveCfg = Debug|x64
		{4E40F1EC-B458-461E-BE29-7EB605DF7A02}.Debug|x64.Build.0 = Debug|x64
		{4E40F1EC-B458-461E-BE29-7EB605DF7A02}.Debug|x86.ActiveCfg = Debug|Win32
		{4E40F1EC-B458-461E-BE29-7EB605DF7A02}.Debug|x86.Build.0 = Debug|Win32
		{4E40F1EC-B458-461E-BE29-7EB605DF7A02}.Release|x64.ActiveCfg = Release|x64
		{4E40F1EC-B458-461E-BE29-7EB605DF7A02}.Release|x64.Build.0 = Release|x64
		{4E40F1EC-B458-461E-BE29-7EB605DF7A02}.Release|x86.ActiveCfg = Release|Win32
		{4E40F1EC-B458-461E-BE29-7EB605DF7A02}.Release|x86.Build.0 = Release|Win32
		{46AC7935-E686-4110-8889-598D72161122}.Debug|x64.ActiveCfg = Debug|x64
		{46AC7935-E686-4110-8889-598D72161122}.Debug|x64.Build.0 = Debug|x64
		{46AC7935-E686-4110-8889-598D72161122}.Debug|x86.ActiveCfg = Debug|Win32
		{46AC7935-E686-4110-8889-598D72161122}.Debug|x86.Build.0 = Debug|Win32
		{46AC7935-E686-4110-8889-598D72161122}.Release|x64.ActiveCfg = Release|x64
		{46AC7935-E686-4110-8889-598D72161122}.Release|x64.Build.0 = Release|x64
		{46AC7935-E686-4110-8889-598D72161122}.Release|x86.ActiveCfg = Release|Win32
		{46AC7935-E686-4110-8889-598D72161122}.Release|x86.Build.0 = Release|Win32
		{CF6A1B6B-7230-4F8C-87B8-AF119ECAB56D}.Debug|x64.ActiveCfg = Debug|x64
		{CF6A1B6B-7230-4F8C-87B8-AF119ECAB56D}.Debug|x64.Build.0 = Debug|x64
		{CF6A1B6B-7230-4F8C-87B8-AF119ECAB56D}.Debug|x86.ActiveCfg = Debug|Win32
		{CF6A1B6B-7230-4F8C-87B8-AF119ECAB56D}.Debug|x86.Build.0 = Debug|Win32
		{CF6A1B6B-7230-4F8C-87B8-AF119ECAB56D}.Release|x64.ActiveCfg = Release|x64
		{CF6A1B6B-7230-4F8C-87B8-AF119ECAB56D}.Release|x64.Build.0 = Release|x64
		{CF6A1B6B-7230-4F8C-87B8-AF119ECAB56D}.Release|x86.ActiveCfg = Release|Win32
		{CF6A1B6B-7230-4F8C-87B8-AF119ECAB56D}.Release|x86.Build.0 = Release|Win32
		{3F8783BC-8FF7-4084-B8F8-1DA4BC6718B4}.Debug|x64.ActiveCfg = Debug|x64
		{3F8783BC-8FF7-4084-B8F8-1DA4BC6718B4}.Debug|x64.Build.0 = Debug|x64
		{3F8783BC-8FF7-4084-B8F8-1DA4BC6718B4}.Debug|x86.ActiveCfg = Debug|Win32
		{3F8783BC-8FF7-4084-B8F8-1DA4BC6718B4}.Debug|x86.Build.0 = Debug|Win32
		{3F8783BC-8FF7-4084-B8F8-1DA4BC6718B4}.Release|x64.ActiveCfg = Release|x64
		{3F8783BC-8FF7-4084-B8F8-1DA4BC6718B4}.Release|x64.Build.0 = Release|x64
		{3F8783BC-8FF7-4084-B8F8-1DA4BC6718B4}.Release|x86.ActiveCfg = Release|Win32
		{3F8783BC-8FF7-4084-B8F8-1DA4BC6718B4}.Release|x86.Build.0 = Release|Win32
		{B1295F98-AA84-403E-9766-2850B3D73BC3}.Debug|x64.ActiveCfg = Debug|x64
		{B1295F98-AA84-403E-9766-2850B3D73BC3}.Debug|x64.Build.0 = Debug|x64
		{B1295F98-AA84-403E-9766-2850B3D73BC3}.Debug|x86.ActiveCfg = Debug|Win32
		{B1295F98-AA84-403E-9766-2850B3D73BC3}.Debug|x86.Build.0 = Debug|Win32
		{B1295F98-AA84-403E-9766-2850B3D73BC3}.Release|x64.ActiveCfg = Release|x64
		{B1295F98-AA84-403E-9766-2850B3D73BC3}.Release|x64.Build.0 = Release|x64
		{B1295F98-AA84-403E-9766-2850B3D73BC3}.Release|x86.ActiveCfg = Release|Win32
		{B1295F98-AA84-403E-9766-2850B3D73BC3}.Release|x86.Build.0 = Release|Win32
		{14F68FD4-E52F-4D67-9E7A-CD0D3DD0D3DC}.Debug|x64.ActiveCfg = Debug|x64
		{14F68FD4-E52F-4D67-9E7A-CD0D3DD0D3DC}.Debug|x64.Build.0 = Debug|x64
		{14F68FD4-E52F-4D67-9E7A-CD0D3DD0D3DC}.Debug|x86.ActiveCfg = Debug|Win32
		{14F68FD4-E52F-4D67-9E7A-CD0D3DD0D3DC}.Debug|x86.Build.0 = Debug|Win32
		{14F68FD4-E52F-4D67-9E7A-CD0D3DD0D3DC}.Release|x64.ActiveCfg = Release|x64
		{14F68FD4-E52F-4D67-9E7A-CD0D3DD0D3DC}.Release|x64.Build.0 = Release|x64
		{14F68FD4-E52F-4D67-9E7A-CD0D3DD0D3DC}.Release|x86.ActiveCfg = Release|Win32
		{14F68FD4-E52F-4D67-9E7A-CD0D3DD0D3DC}.Release|x86.Build.0 = Release|Win32
		{F0D8C555-9B96-40BD-909C-FFAE3F8C72CB}.Debug|x64.ActiveCfg = Debug|x64
		{F0D8C555-9B96-40BD-909C-FFAE3F8C72CB}.Debug|x64.Build.0 = Debug|x64
		{F0D8C555-9B96-40BD-909C-FFAE3F8C72CB}.Debug|x86.ActiveCfg = Debug|Win32
		{F0D8C555-9B96-40BD-909C-FFAE3F8C72CB}.Debug|x86.Build.0 = Debug|Win32
		{F0D8C555-9B96-40BD-909C-FFAE3F8C72CB}.Release|x64.ActiveCfg = Release|x64
		{F0D8C555-9B96-40BD-909C-FFAE3F8C72CB}.Release|x64.Build.0 = Release|x64
		{F0D8C555-9B96-40BD-909C-FFAE3F8C72CB}.Release|x86.ActiveCfg = Release|Win32
		{F0D8C555-9B96-40BD-909C-FFAE3F8C72CB}.Release|x86.Build.0 = Release|Win32
		{A9193EC2-D9B9-4DB5-8221-632580628F87}.Debug|x64.ActiveCfg = Debug|x64
		{A9193EC2-D9B9-4DB5-8221-632580628F87}.Debug|x64.Build.0 = Debug|x64
		{A9193EC2-D9B9-4DB5-8221-632580628F87}.Debug|x86.ActiveCfg = Debug|Win32
		{A9193EC2-D9B9-4DB5-8221-632580628F87}.Debug|x86.Build.0 = Debug|Win32
		{A9193EC2-D9B9-4DB5-8221-632580628F87}.Release|x64.ActiveCfg = Release|x64
		{A9193EC2-D9B9-4DB5-8221-632580628F87}.Release|x64.Build.0 = Release|x64
		{A9193EC2-D9B9-4DB5-8221-632580628F87}.Release|x86.ActiveCfg = Release|Win32
		{A9193EC2-D9B9-4DB5-8221-632580628F87}.Release|x86.Build.0 = Release|Win32
		{B6B06454-E980-42A1-9806-F79756AFABBC}.Debug|x64.ActiveCfg = Debug|x64
		{B6B06454-E980-42A1-9806-F79756AFABBC}.Debug|x64.Build.0 = Debug|x64
		{B6B06454-E980-42A1-9806-F79756AFABBC}.Debug|x86.ActiveCfg = Debug|Win32
		{B6B06454-E980-42A1-9806-F79756AFABBC}.Debug|x86.Build.0 = Debug|Win32
		{B6B06454-E980-42A1-9806-F79756AFABBC}.Release|x64.ActiveCfg = Release|x64
		{B6B06454-E980-42A1-9806-F79756AFABBC}.Release|x64.Build.0 = Release|x64
		{B6B06454-E980-42A1-9806-F79756AFABBC}.Release|x86.ActiveCfg = Release|Win32
		{B6B06454-E980-42A1-9806-F79756AFABBC}.Release|x86.Build.0 = Release|Win32
		{DB02DC76-FD62-4BC3-9D33-4183E9055468}.Debug|x64.ActiveCfg = Debug|x64
		{DB02DC76-FD62-4BC3-9D33-4183E9055468}.Debug|x64.Build.0 = Debug|x64
		{DB02DC76-FD62-4BC3-9D33-4183E9055468}.Debug|x86.ActiveCfg = Debug|Win32
		{DB02DC76-FD62-4BC3-9D33-4183E9055468}.Debug|x86.Build.0 = Debug|Win32
		{DB02DC76-FD62-4BC3-9D33-4183E9055468}.Release|x64.ActiveCfg = Release|x64
		{DB02DC76-FD62-4BC3-9D33-4183E9055468}.Release|x64.Build.0 = Release|x64
		{DB02DC76-FD62-4BC3-9D33-4183E9055468}.Release|x86.ActiveCfg = Release|Win32
		{DB02DC76-FD62-4BC3-9D33-4183E9055468}.Release|x86.Build.0 = Release|Win32
		{D2DA962D-0AD7-46FB-A5CD-F49EF59B41F6}.Debug|x64.ActiveCfg = Debug|x64
		{D2DA962D-0AD7-46FB-A5CD-F49EF59B41F6}.Debug|x64.Build.0 = Debug|x64
		{D2DA962D-0AD7-46FB-A5CD-F49EF59B41F6}.Debug|x86.ActiveCfg = Debug|Win32
		{D2DA962D-0AD7-46FB-A5CD-F49EF59B41F6}.Debug|x86.Build.0 = Debug|Win32
		{D2DA962D-0AD7-46FB-A5CD-F49EF59B41F6}.Release|x64.ActiveCfg = Release|x64
		{D2DA962D-0AD7-46FB-A5CD-F49EF59B41F6}.Release|x64.Build.0 = Release|x64
		{D2DA962D-0AD7-46FB-A5CD-F49EF59B41F6}.Release|x86.ActiveCfg = Release|Win32
		{D2DA962D-0AD7-46FB-A5CD-F49EF59B41F6}.Release|x86.Build.0 = Release|Win32
		{CB262987-6D29-4783-8D7D-25EC372DE6B6}.Debug|x64.ActiveCfg = Debug|x64
		{CB262987-6D29-4783-8D7D-25EC372DE6B6}.Debug|x64.Build.0 = Debug|x64
		{CB262987-6D29-4783-8D7D-25EC372DE6B6}.Debug|x86.ActiveCfg = Debug|Win32
		{CB262987-6D29-4783-8D7D-25EC372DE6B6}.Debug|x86.Build.0 = Debug|Win32
		{CB262987-6D29-4783-8D7D-25EC372DE6B6}.Release|x64.ActiveCfg = Release|x64
		{CB262987-6D29-4783-8D7D-25EC372DE6B6}.Release|x64.Build.0 = Release|x64
		{CB262987-6D29-4783-8D7D-25EC372DE6B6}.Release|x86.ActiveCfg = Release|Win32
		{CB262987-6D29-4783-8D7D-25EC372DE6B6}.Release|x86.Build.0 = Release|Win32
		{8136CF32-A61C-4B66-B194-8512EF3ED719}.Debug|x64.ActiveCfg = Debug|x64
		{8136CF32-A61C-4B66-B194-8512EF3ED719}.Debug|x64.Build.0 = Debug|x64
		{8136CF32-A61C-4B66-B194-8512EF3ED719}.Debug|x86.ActiveCfg = Debug|Win32
		{8136CF32-A61C-4B66-B194-8512EF3ED719}.Debug|x86.Build.0 = Debug|Win32
		{8136CF32-A61C-4B66-B194-8512EF3ED719}.Release|x64.ActiveCfg = Release|x64
		{8136CF32-A61C-4B66-B194-8512EF3ED719}.Release|x64.Build.0 = Release|x64
		{8136CF32-A61C-4B66-B194-8512EF3ED719}.Release|x86.ActiveCfg = Release|Win32
		{8136CF32-A61C-4B66-B194-8512EF3ED719}.Release|x86.Build.0 = Release|Win32
		{C53C2A5D-941F-4424-874D-4BCEDC57D813}.Debug|x64.ActiveCfg = Debug|x64
		{C53C2A5D-941F-4424-874D-4BCEDC57D813}.Debug|x64.Build.0 = Debug|x64
		{C53C2A5D-941F-4424-874D-4BCEDC57D813}.Debug|x86.ActiveCfg = Debug|Win32
		{C53C2A5D-941F-4424-874D-4BCEDC57D813}.Debug|x86.Build.0 = Debug|Win32
		{C53C2A5D-941F-4424-874D-4BCEDC57D813}.Release|x64.ActiveCfg = Release|x64
		{C53C2A5D-941F-4424-874D-4BCEDC57D813}.Release|x64.Build.0 = Release|x64
		{C53C2A5D-941F-4424-874D-4BCEDC57D813}.Release|x86.ActiveCfg = Release|Win32
		{C53C2A5D-941F-4424-874D-4BCEDC57D813}.Release|x86.Build.0 = Release|Win32
		{759BEF55-2C9D-4D5F-800E-8CE91CD31965}.Debug|x64.ActiveCfg = Debug|x64
		{759BEF55-2C9D-4D5F-800E-8CE91CD31965}.Debug|x64.Build.0 = Debug|x64
		{759BEF55-2C9D-4D5F-800E-8CE91CD31965}.Debug|x86.ActiveCfg = Debug|Win32
		{759BEF55-2C9D-4D5F-800E-8CE91CD31965}.Debug|x86.Build.0 = Debug|Win32
		{759BEF55-2C9D-4D5F-800E-8CE91CD31965}.Release|x64.ActiveCfg = Release|x64
		{759BEF55-2C9D-4D5F-800E-8CE91CD31965}.Release|x64.Build.0 = Release|x64
		{759BEF55-2C9D-4D5F-800E-8CE91CD31965}.Release|x86.ActiveCfg = Release|Win32
		{759BEF55-2C9D-4D5F-800E-8CE91CD31965}.Release|x86.Build.0 = Release|Win32
		{3F23D052-B6C7-4BF3-9ABF-9861783C696C}.Debug|x64.ActiveCfg = Debug|x64
		{3F23D052-B6C7-4BF3-9ABF-9861783C696C}.Debug|x64.Build.0 = Debug|x64
		{3F23D052-B6C7-4BF3-9ABF-9861783C696C}.Debug|x86.ActiveCfg = Debug|Win32
		{3F23D052-B6C7-4BF3-9ABF-9861783C696C}.Debug|x86.Build.0 = Debug|Win32
		{3F23D052-B6C7-4BF3-9ABF-9861783C696C}.Release|x64.ActiveCfg = Release|x64
		{3F23D052-B6C7-4BF3-9ABF-9861783C696C}.Release|x64.Build.0 = Release|x64
		{3F23D052-B6C7-4BF3-9ABF-9861783C696C}.Release|x86.ActiveCfg = Release|Win32
		{3F23D052-B6C7-4BF3-9ABF-9861783C696C}.Release|x86.Build.0 = Release|Win32
		{0BD51970-0205-4559-B2C1-85A53CFB3039}.Debug|x64.ActiveCfg = Debug|x64
		{0BD51970-0205-4559-B2C1-85A53CFB3039}.Debug|x64.Build.0 = Debug|x64
		{0BD51970-0205-4559-B2C1-85A53CFB3039}.Debug|x86.ActiveCfg = Debug|Win32
		{0BD51970-0205-4559-B2C1-85A53CFB3039}.Debug|x86.Build.0 = Debug|Win32
		{0BD51970-0205-4559-B2C1-85A53CFB3039}.Release|x64.ActiveCfg = Release|x64
		{0BD51970-0205-4559-B2C1-85A53CFB3039}.Release|x64.Build.0 = Release|x64
		{0BD51970-0205-4559-B2C1-85A53CFB3039}.Release|x86.ActiveCfg = Release|Win32
		{0BD51970-0205-4559-B2C1-85A53CFB3039}.Release|x86.Build.0 = Release|Win32
		{73252F8B-B6EA-463D-A778-DBAF4F67A0AB}.Debug|x64.ActiveCfg = Debug|x64
		{73252F8B-B6EA-463D-A778-DBAF4F67A0AB}.Debug|x64.Build.0 = Debug|x64
		{73252F8B-B6EA-463D-A778-DBAF4F67A0AB}.Debug|x86.ActiveCfg = Debug|Win32
		{73252F8B-B6EA-463D-A778-DBAF4F67A0AB}.Debug|x86.Build.0 = Debug|Win32
		{73252F8B-B6EA-463D-A778-DBAF4F67A0AB}.Release|x64.ActiveCfg = Release|x64
		{73252F8B-B6EA-463D-A778-DBAF4F67A0AB}.Release|x64.Build.0 = Release|x64
		{73252F8B-B6EA-463D-A778-DBAF4F67A0AB}.Release|x86.ActiveCfg = Release|Win32
		{73252F8B-B6EA-463D-A778-DBAF4F67A0AB}.Release|x86.Build.0 = Release|Win32
		{B20392AA-C25F-4173-A5D6-9826DF0928CC}.Debug|x64.ActiveCfg = Debug|x64
		{B20392AA-C25F-4173-A5D6-9826DF0928CC}.Debug|x64.Build.0 = Debug|x64
		{B20392AA-C25F-4173-A5D6-9826DF0928CC}.Debug|x86.ActiveCfg = Debug|Win32
		{B20392AA-C25F-4173-A5D6-9826DF0928CC}.Debug|x86.Build.0 = Debug|Win32
		{B20392AA-C25F-4173-A5D6-9826DF0928CC}.Release|x64.ActiveCfg = Release|x64
		{B20392AA-C25F-4173-A5D6-9826DF0928CC}.Release|x64.Build.0 = Release|x64
		{B20392AA-C25F-4173-A5D6-9826DF0928CC}.Release|x86.ActiveCfg = Release|Win32
		{B20392AA-C25F-4173-A5D6-9826DF0928CC}.Release|x86.Build.0 = Release|Win32
		{834E3E67-89EC-481B-934D-299390E8CC1E}.Debug|x64.ActiveCfg = Debug|x64
		{834E3E67-89EC-481B-934D-299390E8CC1E}.Debug|x64.Build.0 = Debug|x64
		{834E3E67-89EC-481B-934D-299390E8CC1E}.Debug|x86.ActiveCfg = Debug|Win32
		{834E3E67-89EC-481B-934D-299390E8CC1E}.Debug|x86.Build.0 = Debug|Win32
		{834E3E67-89EC-481B-934D-299390E8CC1E}.Release|x64.ActiveCfg = Release|x64
		{834E3E67-89EC-481B-934D-299390E8CC1E}.Release|x64.Build.0 = Release|x64
		{834E3E67-89EC-481B-934D-299390E8CC1E}.Release|x86.ActiveCfg = Release|Win32
		{834E3E67-89EC-481B-934D-299390E8CC1E}.Release|x86.Build.0 = Release|Win32
		{08AC4076-5D5B-4C2F-AE7B-9C0674CBA32F}.Debug|x64.ActiveCfg = Debug|x64
		{08AC4076-5D5B-4C2F-AE7B-9C0674CBA32F}.Debug|x64.Build.0 = Debug|x64
		{08AC4076-5D5B-4C2F-AE7B-9C0674CBA32F}.Debug|x86.ActiveCfg = Debug|Win32
		{08AC4076-5D5B-4C2F-AE7B-9C0674CBA32F}.Debug|x86.Build.0 = Debug|Win32
		{08AC4076-5D5B-4C2F-AE7B-9C0674CBA32F}.Release|x64.ActiveCfg = Release|x64
		{08AC4076-5D5B-4C2F-AE7B-9C0674CBA32F}.Release|x64.Build.0 = Release|x64
		{08AC4076-5D5B-4C2F-AE7B-9C0674CBA32F}.Release|x86.ActiveCfg = Release|Win32
		{08AC4076-5D5B-4C2F-AE7B-9C0674CBA32F}.Release|x86.Build.0 = Release|Win32
		{28FC6F82-CBC0-4391-81A5-28E62BD48B2A}.Debug|x64.ActiveCfg = Debug|x64
		{28FC6F82-CBC0-4391-81A5-28E62BD48B2A}.Debug|x64.Build.0 = Debug|x64
		{28FC6F82-CBC0-4391-81A5-28E62BD48B2A}.Debug|x86.ActiveCfg = Debug|Win32
		{28FC6F82-CBC0-4391-81A5-28E62BD48B2A}.Debug|x86.Build.0 = Debug|Win32
		{28FC6F82-CBC0-4391-81A5-28E62BD48B2A}.Release|x64.ActiveCfg = Release|x64
		{28FC6F82-CBC0-4391-81A5-28E62BD48B2A}.Release|x64.Build.0 = Release|x64
		{28FC6F82-CBC0-4391-81A5-28E62BD48B2A}.Release|x86.ActiveCfg = Release|Win32
		{28FC6F82-CBC0-4391-81A5-28E62BD48B2A}.Release|x86.Build.0 = Release|Win32
		{61EE321F-F708-430B-B1D2-E67F22CF6BF7}.Debug|x64.ActiveCfg = Debug|x64
		{61EE321F-F708-430B-B1D2-E67F22CF6BF7}.Debug|x64.Build.0 = Debug|x64
		{61EE321F-F708-430B-B1D2-E67F22CF6BF7}.Debug|x86.ActiveCfg = Debug|Win32
		{61EE321F-F708-430B-B1D2-E67F22CF6BF7}.Debug|x86.Build.0 = Debug|Win32
		{61EE321F-F708-430B-B1D2-E67F22CF6BF7}.Release|x64.ActiveCfg = Release|x64
		{61EE321F-F708-430B-B1D2-E67F22CF6BF7}.Release|x64.Build.0 = Release|x64
		{61EE321F-F708-430B-B1D2-E67F22CF6BF7}.Release|x86.ActiveCfg = Release|Win32
		{61EE321F-F708-430B-B1D2-E67F22CF6BF7}.Release|x86.Build.0 = Release|Win32
		{AAA7E964-8F5B-4B3D-BCD1-5B9279AA2A66}.Debug|x64.ActiveCfg = Debug|x64
		{AAA7E964-8F5B-4B3D-BCD1-5B9279AA2A66}.Debug|x64.Build.0 = Debug|x64
		{AAA7E964-8F5B-4B3D-BCD1-5B9279AA2A66}.Debug|x86.ActiveCfg = Debug|Win32
		{AAA7E964-8F5B-4B3D-BCD1-5B9279AA2A66}.Debug|x86.Build.0 = Debug|Win32
		{AAA7E964-8F5B-4B3D-BCD1-5B9279AA2A66}.Release|x64.ActiveCfg = Release|x64
		{AAA7E964-8F5B-4B3D-BCD1-5B9279AA2A66}.Release|x64.Build.0 = Release|x64
		{AAA7E964-8F5B-4B3D-BCD1-5B9279AA2A66}.Release|x86.ActiveCfg = Release|Win32
		{AAA7E964-8F5B-4B3D-BCD1-5B9279AA2A66}.Release|x86.Build.0 = Release|Win32
		{B6697D34-E264-4737-8B7F-120813DED63E}.Debug|x64.ActiveCfg = Debug|x64
		{B6697D34-E264-4737-8B7F-120813DED63E}.Debug|x64.Build.0 = Debug|x64
		{B6697D34-E264-4737-8B7F-120813DED63E}.Debug|x86.ActiveCfg = Debug|Win32
		{B6697D34-E264-4737-8B7F-120813DED63E}.Debug|x86.Build.0 = Debug|Win32
		{B6697D34-E264-4737-8B7F-120813DED63E}.Release|x64.ActiveCfg = Release|x64
		{B6697D34-E264-4737-8B7F-120813DED63E}.Release|x64.Build.0 = Release|x64
		{B6697D34-E264-4737-8B7F-120813DED63E}.Release|x86.ActiveCfg = Release|Win32
		{B6697D34-E264-4737-8B7F-120813DED63E}.Release|x86.Build.0 = Release|Win32
		{C4ECCE78-2680-4262-8BF7-7C1EFACD9F31}.Debug|x64.ActiveCfg = Debug|x64
		{C4ECCE78-2680-4262-8BF7-7C1EFACD9F31}.Debug|x64.Build.0 = Debug|x64
		{C4ECCE78-2680-4262-8BF7-7C1EFACD9F31}.Debug|x86.ActiveCfg = Debug|Win32
		{C4ECCE78-2680-4262-8BF7-7C1EFACD9F31}.Debug|x86.Build.0 = Debug|Win32
		{C4ECCE78-2680-4262-8BF7-7C1EFACD9F31}.Release|x64.ActiveCfg = Release|x64
		{C4ECCE78-2680-4262-8BF7-7C1EFACD9F31}.Release|x64.Build.0 = Release|x64
		{C4ECCE78-2680-4262-8BF7-7C1EFACD9F31}.Release|x86.ActiveCfg = Release|Win32
		{C4ECCE78-2680-4262-8BF7-7C1EFACD9F31}.Release|x86.Build.0 = Release|Win32
		{0ED28993-2158-4F63-8B63-319293DF568C}.Debug|x64.ActiveCfg = Debug|x64
		{0ED28993-2158-4F63-8B63-319293DF568C}.Debug|x64.Build.0 = Debug|x64
		{0ED28993-2158-4F63-8B63-319293DF568C}.Debug|x86.ActiveCfg = Debug|Win32
		{0ED28993-2158-4F63-8B63-319293DF568C}.Debug|x86.Build.0 = Debug|Win32
		{0ED28993-2158-4F63-8B63-319293DF568C}.Release|x64.ActiveCfg = Release|x64
		{0ED28993-2158-4F63-8B63-319293DF568C}.Release|x64.Build.0 = Release|x64
		{0ED28993-2158-4F63-8B63-319293DF568C}.Release|x86.ActiveCfg = Release|Win32
		{0ED28993-2158-4F63-8B63-319293DF568C}.Release|x86.Build.0 = Release|Win32
		{2CE65FC6-8734-4C17-BACF-25815FD32E0D}.Debug|x64.ActiveCfg = Debug|x64
		{2CE65FC6-8734-4C17-BACF-25815FD32E0D}.Debug|x64.Build.0 = Debug|x64
		{2CE65FC6-8734-4C17-BACF-25815FD32E0D}.Debug|x86.ActiveCfg = Debug|Win32
		{2CE65FC6-8734-4C17-BACF-25815FD32E0D}.Debug|x86.Build.0 = Debug|Win32
		{2CE65FC6-8734-4C17-BACF-25815FD32E0D}.Release|x64.ActiveCfg = Release|x64
		{2CE65FC6-8734-4C17-BACF-25815FD32E0D}.Release|x64.Build.0 = Release|x64
		{2CE65FC6-8734-4C17-BACF-25815FD32E0D}.Release|x86.ActiveCfg = Release|Win32
		{2CE65FC6-8734-4C17-BACF-25815FD32E0D}.Release|x86.Build.0 = Release|Win32
		{565ECBF3-804C-4F21-B6F2-03AE046402B4}.Debug|x64.ActiveCfg = Debug|x64
		{565ECBF3-804C-4F21-B6F2-03AE046402B4}.Debug|x64.Build.0 = Debug|x64
		{565ECBF3-804C-4F21-B6F2-03AE046402B4}.Debug|x86.ActiveCfg = Debug|Win32
		{565ECBF3-804C-4F21-B6F2-03AE046402B4}.Debug|x86.Build.0 = Debug|Win32
		{565ECBF3-804C-4F21-B6F2-03AE046402B4}.Release|x64.ActiveCfg = Release|x64
		{565ECBF3-804C-4F21-B6F2-03AE046402B4}.Release|x64.Build.0 = Release|x64
		{565ECBF3-804C-4F21-B6F2-03AE046402B4}.Release|x86.ActiveCfg = Release|Win32
		{565ECBF3-804C-4F21-B6F2-03AE046402B4}.Release|x86.Build.0 = Release|Win32
		{B708AEC1-2408-48C9-A2EF-12CD1846622D}.Debug|x64.ActiveCfg = Debug|x64
		{B708AEC1-2408-48C9-A2EF-12CD1846622D}.Debug|x64.Build.0 = Debug|x64
		{B708AEC1-2408-48C9-A2EF-12CD1846622D}.Debug|x86.ActiveCfg = Debug|Win32
		{B708AEC1-2408-48C9-A2EF-12CD1846622D}.Debug|x86.Build.0 = Debug|Win32
		{B708AEC1-2408-48C9-A2EF-12CD1846622D}.Release|x64.ActiveCfg = Release|x64
		{B708AEC1-2408-48C9-A2EF-12CD1846622D}.Release|x64.Build.0 = Release|x64
		{B708AEC1-2408-48C9-A2EF-12CD1846622D}.Release|x86.ActiveCfg = Release|Win32
		{B708AEC1-2408-48C9-A2EF-12CD1846622D}.Release|x86.Build.0 = Release|Win32
		{6A4E6F5D-A5AC-4400-B109-F248DE7EFCBE}.Debug|x64.ActiveCfg = Debug|x64
		{6A4E6F5D-A5AC-4400-B109-F248DE7EFCBE}.Debug|x64.Build.0 = Debug|x64
		{6A4E6F5D-A5AC-4400-B109-F248DE7EFCBE}.Debug|x86.ActiveCfg = Debug|Win32
		{6A4E6F5D-A5AC-4400-B109-F248DE7EFCBE}.Debug|x86.Build.0 = Debug|Win32
		{6A4E6F5D-A5AC-4400-B109-F248DE7EFCBE}.Release|x64.ActiveCfg = Release|x64
		{6A4E6F5D-A5AC-4400-B109-F248DE7EFCBE}.Release|x64.Build.0 = Release|x64
		{6A4E6F5D-A5AC-4400-B109-F248DE7EFCBE}.Release|x86.ActiveCfg = Release|Win32
		{6A4E6F5D-A5AC-4400-B109-F248DE7EFCBE}.Release|x86.Build.0 = Release|Win32
		{534B30C0-0378-4946-B4D3-0968CEAB6AE8}.Debug|x64.ActiveCfg = Debug|x64
		{534B30C0-0378-4946-B4D3-0968CEAB6AE8}.Debug|x64.Build.0 = Debug|x64
		{534B30C0-0378-4946-B4D3-0968CEAB6AE8}.Debug|x86.ActiveCfg = Debug|Win32
		{534B30C0-0378-4946-B4D3-0968CEAB6AE8}.Debug|x86.Build.0 = Debug|Win32
		{534B30C0-0378-4946-B4D3-0968CEAB6AE8}.Release|x64.ActiveCfg = Release|x64
		{534B30C0-0378-4946-B4D3-0968CEAB6AE8}.Release|x64.Build.0 = Release|x64
		{534B30C0-0378-4946-B4D3-0968CEAB6AE8}.Release|x86.ActiveCfg = Release|Win32
		{534B30C0-0378-4946-B4D3-0968CEAB6AE8}.Release|x86.Build.0 = Release|Win32
		{C14A0B66-DA7B-46D9-8B82-23BE660B506A}.Debug|x64.ActiveCfg = Debug|x64
		{C14A0B66-DA7B-46D9-8B82-23BE660B506A}.Debug|x64.Build.0 = Debug|x64
		{C14A0B66-DA7B-46D9-8B82-23BE660B506A}.Debug|x86.ActiveCfg = Debug|Win32
		{C14A0B66-DA7B-46D9-8B82-23BE660B506A}.Debug|x86.Build.0 = Debug|Win32
		{C14A0B66-DA7B-46D9-8B82-23BE660B506A}.Release|x64.ActiveCfg = Release|x64
		{C14A0B66-DA7B-46D9-8B82-23BE660B506A}.Release|x64.Build.0 = Release|x64
		{C14A0B66-DA7B-46D9-8B82-23BE660B506A}.Release|x86.ActiveCfg = Release|Win32
		{C14A0B66-DA7B-46D9-8B82-23BE660B506A}.Release|x86.Build.0 = Release|Win32
		{10DB05B5-F005-467A-A738-4057A1618B71}.Debug|x64.ActiveCfg = Debug|x64
		{10DB05B5-F005-467A-A738-4057A1618B71}.Debug|x64.Build.0 = Debug|x64
		{10DB05B5-F005-467A-A738-4057A1618B71}.Debug|x86.ActiveCfg = Debug|Win32
		{10DB05B5-F005-467A-A738-4057A1618B71}.Debug|x86.Build.0 = Debug|Win32
		{10DB05B5-F005-467A-A738-4057A1618B71}.Release|x64.ActiveCfg = Release|x64
		{10DB05B5-F005-467A-A738-4057A1618B71}.Release|x64.Build.0 = Release|x64
		{10DB05B5-F005-467A-A738-4057A1618B71}.Release|x86.ActiveCfg = Release|Win32
		{10DB05B5-F005-467A-A738-4057A1618B71}.Release|x86.Build.0 = Release|Win32
		{723575F1-4433-4CEE-9FE4-1CDEB6B8C682}.Debug|x64.ActiveCfg = Debug|x64
		{723575F1-4433-4CEE-9FE4-1CDEB6B8C682}.Debug|x64.Build.0 = Debug|x64
		{723575F1-4433-4CEE-9FE4-1CDEB6B8C682}.Debug|x86.ActiveCfg = Debug|Win32
		{723575F1-4433-4CEE-9FE4-1CDEB6B8C682}.Debug|x86.Build.0 = Debug|Win32
		{723575F1-4433-4CEE-9FE4-1CDEB6B8C682}.Release|x64.ActiveCfg = Release|x64
		{723575F1-4433-4CEE-9FE4-1CDEB6B8C682}.Release|x64.Build.0 = Release|x64
		{723575F1-4433-4CEE-9FE4-1CDEB6B8C682}.Release|x86.ActiveCfg = Release|Win32
		{723575F1-4433-4CEE-9FE4-1CDEB6B8C682}.Release|x86.Build.0 = Release|Win32
		{7BDBC08B-1435-4D59-BEEE-50A7B4C28700}.Debug|x64.ActiveCfg = Debug|x64
		{7BDBC08B-1435-4D59-BEEE-50A7B4C28700}.Debug|x64.Build.0 = Debug|x64
		{7BDBC08B-1435-4D59-BEEE-50A7B4C28700}.Debug|x86.ActiveCfg = Debug|Win32
		{7BDBC08B-1435-4D59-BEEE-50A7B4C28700}.Debug|x86.Build.0 = Debug|Win32
		{7BDBC08B-1435-4D59-BEEE-50A7B4C28700}.Release|x64.ActiveCfg = Release|x64
		{7BDBC08B-1435-4D59-BEEE-50A7B4C28700}.Release|x64.Build.0 = Release|x64
		{7BDBC08B-1435-4D59-BEEE-50A7B4C28700}.Release|x86.ActiveCfg = Release|Win32
		{7BDBC08B-1435-4D59-BEEE-50A7B4C28700}.Release|x86.Build.0 = Release|Win32
		{0DFBA6E0-59CD-4E71-A56F-78729A2D8136}.Debug|x64.ActiveCfg = Debug|x64
		{0DFBA6E0-59CD-4E71-A56F-78729A2D8136}.Debug|x64.Build.0 = Debug|x64
		{0DFBA6E0-59CD-4E71-A56F-78729A2D8136}.Debug|x86.ActiveCfg = Debug|Win32
		{0DFBA6E0-59CD-4E71-A56F-78729A2D8136}.Debug|x86.Build.0 = Debug|Win32
		{0DFBA6E0-59CD-4E71-A56F-78729A2D8136}.Release|x64.ActiveCfg = Release|x64
		{0DFBA6E0-59CD-4E71-A56F-78729A2D8136}.Release|x64.Build.0 = Release|x64
		{0DFBA6E0-59CD-4E71-A56F-78729A2D8136}.Release|x86.ActiveCfg = Release|Win32
		{0DFBA6E0-59CD-4E71-A56F-78729A2D8136}.Release|x86.Build.0 = Release|Win32
		{A4E983ED-9260-4FA6-8C5F-CDC60C16076E}.Debug|x64.ActiveCfg = Debug|x64
		{A4E983ED-9260-4FA6-8C5F-CDC60C16076E}.Debug|x64.Build.0 = Debug|x64
		{A4E983ED-9260-4FA6-8C5F-CDC60C16076E}.Debug|x86.ActiveCfg = Debug|Win32
		{A4E983ED-9260-4FA6-8C5F-CDC60C16076E}.Debug|x86.Build.0 = Debug|Win32
		{A4E983ED-9260-4FA6-8C5F-CDC60C16076E}.Release|x64.ActiveCfg = Release|x64
		{A4E983ED-9260-4FA6-8C5F-CDC60C16076E}.Release|x64.Build.0 = Release|x64
		{A4E983ED-9260-4FA6-8C5F-CDC60C16076E}.Release|x86.ActiveCfg = Release|Win32
		{A4E983ED-9260-4FA6-8C5F-CDC60C16076E}.Release|x86.Build.0 = Release|Win32
		{BA7E3197-94D8-4FBF-B6D9-7A1E478DFDCA}.Debug|x64.ActiveCfg = Debug|x64
		{BA7E3197-94D8-4FBF-B6D9-7A1E478DFDCA}.Debug|x64.Build.0 = Debug|x64
		{BA7E3197-94D8-4FBF-B6D9-7A1E478DFDCA}.Debug|x86.ActiveCfg = Debug|Win32
		{BA7E3197-94D8-4FBF-B6D9-7A1E478DFDCA}.Debug|x86.Build.0 = Debug|Win32
		{BA7E3197-94D8-4FBF-B6D9-7A1E478DFDCA}.Release|x64.ActiveCfg = Release|x64
		{BA7E3197-94D8-4FBF-B6D9-7A1E478DFDCA}.Release|x64.Build.0 = Release|x64
		{BA7E3197-94D8-4FBF-B6D9-7A1E478DFDCA}.Release|x86.ActiveCfg = Release|Win32
		{BA7E3197-94D8-4FBF-B6D9-7A1E478DFDCA}.Release|x86.Build.0 = Release|Win32
		{FD65FCBF-3714-45B0-9BEA-FC1245E75653}.Debug|x64.ActiveCfg = Debug|x64
		{FD65FCBF-3714-45B0-9BEA-FC1245E75653}.Debug|x64.Build.0 = Debug|x64
		{FD65FCBF-3714-45B0-9BEA-FC1245E75653}.Debug|x86.ActiveCfg = Debug|Win32
		{FD65FCBF-3714-45B0-9BEA-FC1245E75653}.Debug|x86.Build.0 = Debug|Win32
		{FD65FCBF-3714-45B0-9BEA-FC1245E75653}.Release|x64.ActiveCfg = Release|x64
		{FD65FCBF-3714-45B0-9BEA-FC1245E75653}.Release|x64.Build.0 = Release|x64
		{FD65FCBF-3714-45B0-9BEA-FC1245E75653}.Release|x86.ActiveCfg = Release|Win32
		{FD65FCBF-3714-45B0-9BEA-FC1245E75653}.Release|x86.Build.0 = Release|Win32
		{BDF33175-D1ED-42AA-B5CC-B2851EA17427}.Debug|x64.ActiveCfg = Debug|x64
		{BDF33175-D1ED-42AA-B5CC-B2851EA17427}.Debug|x64.Build.0 = Debug|x64
		{BDF33175-D1ED-42AA-B5CC-B2851EA17427}.Debug|x86.ActiveCfg = Debug|Win32
		{BDF33175-D1ED-42AA-B5CC-B2851EA17427}.Debug|x86.Build.0 = Debug|Win32
		{BDF33175-D1ED-42AA-B5CC-B2851EA17427}.Release|x64.ActiveCfg = Release|x64
		{BDF33175-D1ED-42AA-B5CC-B2851EA17427}.Release|x64.Build.0 = Release|x64
		{BDF33175-D1ED-42AA-B5CC-B2851EA17427}.Release|x86.ActiveCfg = Release|Win32
		{BDF33175-D1ED-42AA-B5CC-B2851EA17427}.Release|x86.Build.0 = Release|Win32
		{1630D7F3-249B-42BB-A29D-12899FBE7ADE}.Debug|x64.ActiveCfg = Debug|x64
		{1630D7F3-249B-42BB-A29D-12899FBE7ADE}.Debug|x64.Build.0 = Debug|x64
		{1630D7F3-249B-42BB-A29D-12899FBE7ADE}.Debug|x86.ActiveCfg = Debug|Win32
		{1630D7F3-249B-42BB-A29D-12899FBE7ADE}.Debug|x86.Build.0 = Debug|Win32
		{1630D7F3-249B-42BB-A29D-12899FBE7ADE}.Release|x64.ActiveCfg = Release|x64
		{1630D7F3-249B-42BB-A29D-12899FBE7ADE}.Release|x64.Build.0 = Release|x64
		{1630D7F3-249B-42BB-A29D-12899FBE7ADE}.Release|x86.ActiveCfg = Release|Win32
		{1630D7F3-249B-42BB-A29D-12899FBE7ADE}.Release|x86.Build.0 = Release|Win32
		{15E6D063-15ED-46C8-A3EC-C22B09F8ECFF}.Debug|x64.ActiveCfg = Debug|x64
		{15E6D063-15ED-46C8-A3EC-C22B09F8ECFF}.Debug|x64.Build.0 = Debug|x64
		{15E6D063-15ED-46C8-A3EC-C22B09F8ECFF}.Debug|x86.ActiveCfg = Debug|Win32
		{15E6D063-15ED-46C8-A3EC-C22B09F8ECFF}.Debug|x86.Build.0 = Debug|Win32
		{15E6D063-15ED-46C8-A3EC-C22B09F8ECFF}.Release|x64.ActiveCfg = Release|x64
		{15E6D063-15ED-46C8-A3EC-C22B09F8ECFF}.Release|x64.Build.0 = Release|x64
		{15E6D063-15ED-46C8-A3EC-C22B09F8ECFF}.Release|x86.ActiveCfg = Release|Win32
		{15E6D063-15ED-46C8-A3EC-C22B09F8ECFF}.Release|x86.Build.0 = Release|Win32
		{8E51F5B9-12EE-4014-83C6-DB21B6FC9687}.Debug|x64.ActiveCfg = Debug|x64
		{8E51F5B9-12EE-4014-83C6-DB21B6FC9687}.Debug|x64.Build.0 = Debug|x64
		{8E51F5B9-12EE-4014-83C6-DB21B6FC9687}.Debug|x86.ActiveCfg = Debug|Win32
		{8E51F5B9-12EE-4014-83C6-DB21B6FC9687}.Debug|x86.Build.0 = Debug|Win32
		{8E51F5B9-12EE-4014-83C6-DB21B6FC9687}.Release|x64.ActiveCfg = Release|x64
		{8E51F5B9-12EE-4014-83C6-DB21B6FC9687}.Release|x64.Build.0 = Release|x64
		{8E51F5B9-12EE-4014-83C6-DB21B6FC9687}.Release|x86.ActiveCfg = Release|Win32
		{8E51F5B9-12EE-4014-83C6-DB21B6FC9687}.Release|x86.Build.0 = Release|Win32
		{C04B79E1-25FE-462C-B0C8-3509ED6B8F48}.Debug|x64.ActiveCfg = Debug|x64
		{C04B79E1-25FE-462C-B0C8-3509ED6B8F48}.Debug|x64.Build.0 = Debug|x64
		{C04B79E1-25FE-462C-B0C8-3509ED6B8F48}.Debug|x86.ActiveCfg = Debug|Win32
		{C04B79E1-25FE-462C-B0C8-3509ED6B8F48}.Debug|x86.Build.0 = Debug|Win32
		{C04B79E1-25FE-462C-B0C8-3509ED6B8F48}.Release|x64.ActiveCfg = Release|x64
		{C04B79E1-25FE-462C-B0C8-3509ED6B8F48}.Release|x64.Build.0 = Release|x64
		{C04B79E1-25FE-462C-B0C8-3509ED6B8F48}.Release|x86.ActiveCfg = Release|Win32
		{C04B79E1-25FE-462C-B0C8-3509ED6B8F48}.Release|x86.Build.0 = Release|Win32
		{3566C7CF-E49C-4428-A874-8671F1323A38}.Debug|x64.ActiveCfg = Debug|x64
		{3566C7CF-E49C-4428-A874-8671F1323A38}.Debug|x64.Build.0 = Debug|x64
		{3566C7CF-E49C-4428-A874-8671F1323A38}.Debug|x86.ActiveCfg = Debug|Win32
		{3566C7CF-E49C-4428-A874-8671F1323A38}.Debug|x86.Build.0 = Debug|Win32
		{3566C7CF-E49C-4428-A874-8671F1323A38}.Release|x64.ActiveCfg = Release|x64
		{3566C7CF-E49C-4428-A874-8671F1323A38}.Release|x64.Build.0 = Release|x64
		{3566C7CF-E49C-4428-A874-8671F1323A38}.Release|x86.ActiveCfg = Release|Win32
		{3566C7CF-E49C-4428-A874-8671F1323A38}.Release|x86.Build.0 = Release|Win32
		{572FCC28-CF3F-40F3-BA75-26D3D339809B}.Debug|x64.ActiveCfg = Debug|x64
		{572FCC28-CF3F-40F3-BA75-26D3D339809B}.Debug|x64.Build.0 = Debug|x64
		{572FCC28-CF3F-40F3-BA75-26D3D339809B}.Debug|x86.ActiveCfg = Debug|Win32
		{572FCC28-CF3F-40F3-BA75-26D3D339809B}.Debug|x86.Build.0 = Debug|Win32
		{572FCC28-CF3F-40F3-BA75-26D3D339809B}.Release|x64.ActiveCfg = Release|x64
		{572FCC28-CF3F-40F3-BA75-26D3D339809B}.Release|x64.Build.0 = Release|x64
		{572FCC28-CF3F-40F3-BA75-26D3D339809B}.Release|x86.ActiveCfg = Release|Win32
		{572FCC28-CF3F-40F3-BA75-26D3D339809B}.Release|x86.Build.0 = Release|Win32
		{99EDE12E-3A6F-4DCB-AE41-801B3222DE63}.Debug|x64.ActiveCfg = Debug|x64
		{99EDE12E-3A6F-4DCB-AE41-801B3222DE63}.Debug|x64.Build.0 = Debug|x64
		{99EDE12E-3A6F-4DCB-AE41-801B3222DE63}.Debug|x86.ActiveCfg = Debug|Win32
		{99EDE12E-3A6F-4DCB-AE41-801B3222DE63}.Debug|x86.Build.0 = Debug|Win32
		{99EDE12E-3A6F-4DCB-AE41-801B3222DE63}.Release|x64.ActiveCfg = Release|x64
		{99EDE12E-3A6F-4DCB-AE41-801B3222DE63}.Release|x64.Build.0 = Release|x64
		{99EDE12E-3A6F-4DCB-AE41-801B3222DE63}.Release|x86.ActiveCfg = Release|Win32
		{99EDE12E-3A6F-4DCB-AE41-801B3222DE63}.Release|x86.Build.0 = Release|Win32
		{25853920-BA5B-4A00-A05C-89FB1E759C37}.Debug|x64.ActiveCfg = Debug|x64
		{25853920-BA5B-4A00-A05C-89FB1E759C37}.Debug|x64.Build.0 = Debug|x64
		{25853920-BA5B-4A00-A05C-89FB1E759C37}.Debug|x86.ActiveCfg = Debug|Win32
		{25853920-BA5B-4A00-A05C-89FB1E759C37}.Debug|x86.Build.0 = Debug|Win32
		{25853920-BA5B-4A00-A05C-89FB1E759C37}.Release|x64.ActiveCfg = Release|x64
		{25853920-BA5B-4A00-A05C-89FB1E759C37}.Release|x64.Build.0 = Release|x64
		{25853920-BA5B-4A00-A05C-89FB1E759C37}.Release|x86.ActiveCfg = Release|Win32
		{25853920-BA5B-4A00-A05C-89FB1E759C37}.Release|x86.Build.0 = Release|Win32
		{FCB7D2D5-7D0F-4029-BD24-2CFA9174160A}.Debug|x64.ActiveCfg = Debug|x64
		{FCB7D2D5-7D0F-4029-BD24-2CFA9174160A}.Debug|x64.Build.0 = Debug|x64
		{FCB7D2D5-7D0F-4029-BD24-2CFA9174160A}.Debug|x86.ActiveCfg = Debug|Win32
		{FCB7D2D5-7D0F-4029-BD24-2CFA9174160A}.Debug|x86.Build.0 = Debug|Win32
		{FCB7D2D5-7D0F-4029-BD24-2CFA9174160A}.Release|x64.ActiveCfg = Release|x64
		{FCB7D2D5-7D0F-4029-BD24-2CFA9174160A}.Release|x64.Build.0 = Release|x64
		{FCB7D2D5-7D0F-4029-BD24-2CFA9174160A}.Release|x86.ActiveCfg = Release|Win32
		{FCB7D2D5-7D0F-4029-BD24-2CFA9174160A}.Release|x86.Build.0 = Release|Win32
		{825145FA-7BDD-4C0C-A7D4-169C0C09C643}.Debug|x64.ActiveCfg = Debug|x64
		{825145FA-7BDD-4C0C-A7D4-169C0C09C643}.Debug|x64.Build.0 = Debug|x64
		{825145FA-7BDD-4C0C-A7D4-169C0C09C643}.Debug|x86.ActiveCfg = Debug|Win32
		{825145FA-7BDD-4C0C-A7D4-169C0C09C643}.Debug|x86.Build.0 = Debug|Win32
		{825145FA-7BDD-4C0C-A7D4-169C0C09C643}.Release|x64.ActiveCfg = Release|x64
		{825145FA-7BDD-4C0C-A7D4-169C0C09C643}.Release|x64.Build.0 = Release|x64
		{825145FA-7BDD-4C0C-A7D4-169C0C09C643}.Release|x86.ActiveCfg = Release|Win32
		{825145FA-7BDD-4C0C-A7D4-169C0C09C643}.Release|x86.Build.0 = Release|Win32
		{5383E747-4775-40FE-AF66-EF1DCF3DC5FB}.Debug|x64.ActiveCfg = Debug|x64
		{5383E747-4775-40FE-AF66-EF1DCF3DC5FB}.Debug|x64.Build.0 = Debug|x64
		{5383E747-4775-40FE-AF66-EF1DCF3DC5FB}.Debug|x86.ActiveCfg = Debug|Win32
		{5383E747-4775-40FE-AF66-EF1DCF3DC5FB}.Debug|x86.Build.0 = Debug|Win32
		{5383E747-4775-40FE-AF66-EF1DCF3DC5FB}.Release|x64.ActiveCfg = Release|x64
		{5383E747-4775-40FE-AF66-EF1DCF3DC5FB}.Release|x64.Build.0 = Release|x64
		{5383E747-4775-40FE-AF66-EF1DCF3DC5FB}.Release|x86.ActiveCfg = Release|Win32
		{5383E747-4775-40FE-AF66-EF1DCF3DC5FB}.Release|x86.Build.0 = Release|Win32
		{9814AD3A-95E7-42F2-988D-5384BB00B671}.Debug|x64.ActiveCfg = Debug|x64
		{9814AD3A-95E7-42F2-988D-5384BB00B671}.Debug|x64.Build.0 = Debug|x64
		{9814AD3A-95E7-42F2-988D-5384BB00B671}.Debug|x86.ActiveCfg = Debug|Win32
		{9814AD3A-95E7-42F2-988D-5384BB00B671}.Debug|x86.Build.0 = Debug|Win32
		{9814AD3A-95E7-42F2-988D-5384BB00B671}.Release|x64.ActiveCfg = Release|x64
		{9814AD3A-95E7-42F2-988D-5384BB00B671}.Release|x64.Build.0 = Release|x64
		{9814AD3A-95E7-42F2-988D-5384BB00B671}.Release|x86.ActiveCfg = Release|Win32
		{9814AD3A-95E7-42F2-988D-5384BB00B671}.Release|x86.Build.0 = Release|Win32
		{637688AA-3534-4B0F-9B7B-9002AAE78D39}.Debug|x64.ActiveCfg = Debug|x64
		{637688AA-3534-4B0F-9B7B-9002AAE78D39}.Debug|x64.Build.0 = Debug|x64
		{637688AA-3534-4B0F-9B7B-9002AAE78D39}.Debug|x86.ActiveCfg = Debug|Win32
		{637688AA-3534-4B0F-9B7B-9002AAE78D39}.Debug|x86.Build.0 = Debug|Win32
		{637688AA-3534-4B0F-9B7B-9002AAE78D39}.Release|x64.ActiveCfg = Release|x64
		{637688AA-3534-4B0F-9B7B-9002AAE78D39}.Release|x64.Build.0 = Release|x64
		{637688AA-3534-4B0F-9B7B-9002AAE78D39}.Release|x86.ActiveCfg = Release|Win32
		{637688AA-3534-4B0F-9B7B-9002AAE78D39}.Release|x86.Build.0 = Release|Win32
		{A38C7F67-1B86-423F-AF71-E88AB464CDDB}.Debug|x64.ActiveCfg = Debug|x64
		{A38C7F67-1B86-423F-AF71-E88AB464CDDB}.Debug|x64.Build.0 = Debug|x64
		{A38C7F67-1B86-423F-AF71-E88AB464CDDB}.Debug|x86.ActiveCfg = Debug|Win32
		{A38C7F67-1B86-423F-AF71-E88AB464CDDB}.Debug|x86.Build.0 = Debug|Win32
		{A38C7F67-1B86-423F-AF71-E88AB464CDDB}.Release|x64.ActiveCfg = Release|x64
		{A38C7F67-1B86-423F-AF71-E88AB464CDDB}.Release|x64.Build.0 = Release|x64
		{A38C7F67-1B86-423F-AF71-E88AB464CDDB}.Release|x86.ActiveCfg = Release|Win32
		{A38C7F67-1B86-423F-AF71-E88AB464CDDB}.Release|x86.Build.0 = Release|Win32
		{349F0E44-91E9-47CC-913B-5F8DAC719B25}.Debug|x64.ActiveCfg = Debug|x64
		{349F0E44-91E9-47CC-913B-5F8DAC719B25}.Debug|x64.Build.0 = Debug|x64
		{349F0E44-91E9-47CC-913B-5F8DAC719B25}.Debug|x86.ActiveCfg = Debug|Win32
		{349F0E44-91E9-47CC-913B-5F8DAC719B25}.Debug|x86.Build.0 = Debug|Win32
		{349F0E44-91E9-47CC-913B-5F8DAC719B25}.Release|x64.ActiveCfg = Release|x64
		{349F0E44-91E9-47CC-913B-5F8DAC719B25}.Release|x64.Build.0 = Release|x64
		{349F0E44-91E9-47CC-913B-5F8DAC719B25}.Release|x86.ActiveCfg = Release|Win32
		{349F0E44-91E9-47CC-913B-5F8DAC719B25}.Release|x86.Build.0 = Release|Win32
		{C906C4EB-2E21-424B-B345-E1BAB336C335}.Debug|x64.ActiveCfg = Debug|x64
		{C906C4EB-2E21-424B-B345-E1BAB336C335}.Debug|x64.Build.0 = Debug|x64
		{C906C4EB-2E21-424B-B345-E1BAB336C335}.Debug|x86.ActiveCfg = Debug|Win32
		{C906C4EB-2E21-424B-B345-E1BAB336C335}.Debug|x86.Build.0 = Debug|Win32
		{C906C4EB-2E21-424B-B345-E1BAB336C335}.Release|x64.ActiveCfg = Release|x64
		{C906C4EB-2E21-424B-B345-E1BAB336C335}.Release|x64.Build.0 = Release|x64
		{C906C4EB-2E21-424B-B345-E1BAB336C335}.Release|x86.ActiveCfg = Release|Win32
		{C906C4EB-2E21-424B-B345-E1BAB336C335}.Release|x86.Build.0 = Release|Win32
		{D8942989-1F86-40C5-9041-1EFE8BA2731F}.Debug|x64.ActiveCfg = Debug|x64
		{D8942989-1F86-40C5-9041-1EFE8BA2731F}.Debug|x64.Build.0 = Debug|x64
		{D8942989-1F86-40C5-9041-1EFE8BA2731F}.Debug|x86.ActiveCfg = Debug|Win32
		{D8942989-1F86-40C5-9041-1EFE8BA2731F}.Debug|x86.Build.0 = Debug|Win32
		{D8942989-1F86-40C5-9041-1EFE8BA2731F}.Release|x64.ActiveCfg = Release|x64
		{D8942989-1F86-40C5-9041-1EFE8BA2731F}.Release|x64.Build.0 = Release|x64
		{D8942989-1F86-40C5-9041-1EFE8BA2731F}.Release|x86.ActiveCfg = Release|Win32
		{D8942989-1F86-40C5-9041-1EFE8BA2731F}.Release|x86.Build.0 = Release|Win32
	EndGlobalSection
	GlobalSection(SolutionProperties) = preSolution
		HideSolutionNode = FALSE
	EndGlobalSection
	GlobalSection(ExtensibilityGlobals) = postSolution
		SolutionGuid = {1847635C-5306-4BBF-A803-45442A3BE611}
	EndGlobalSection
EndGlobal
