
Microsoft Visual Studio Solution File, Format Version 12.00
# Visual Studio Version 17
VisualStudioVersion = 17.9.34723.18
MinimumVisualStudioVersion = 10.0.40219.1
Project("{8BC9CEB8-8B4A-11D0-8D11-00A0C91BC942}") = "lesson_000", "lesson_000\lesson_000.vcxproj", "{B9CF43B2-C8CA-4699-BE0A-F9345BA14826}"
EndProject
Project("{8BC9CEB8-8B4A-11D0-8D11-00A0C91BC942}") = "lesson_001", "lesson_001\lesson_001.vcxproj", "{BF9DC729-CBF4-4D87-B622-9659B9ECE26B}"
EndProject
Project("{8BC9CEB8-8B4A-11D0-8D11-00A0C91BC942}") = "lesson_002", "lesson_002\lesson_002.vcxproj", "{3C96F1C3-E4E8-4710-B32F-E4512B0A2C8D}"
EndProject
Project("{8BC9CEB8-8B4A-11D0-8D11-00A0C91BC942}") = "lesson_003", "lesson_003\lesson_003.vcxproj", "{454C889A-67BB-4AFA-BE0E-D87D1C583FEE}"
EndProject
Project("{8BC9CEB8-8B4A-11D0-8D11-00A0C91BC942}") = "lesson_004", "lesson_004\lesson_004.vcxproj", "{8F1826EC-2E30-4C1F-9242-4DC7063E02EC}"
EndProject
Project("{8BC9CEB8-8B4A-11D0-8D11-00A0C91BC942}") = "lesson_005", "lesson_005\lesson_005.vcxproj", "{524DB2EF-2DAE-47A4-8D4C-CD8F31BEFDC4}"
EndProject
Project("{8BC9CEB8-8B4A-11D0-8D11-00A0C91BC942}") = "lesson_006", "lesson_006\lesson_006.vcxproj", "{CA1A4DC4-4431-4570-8474-2A24209C5F99}"
EndProject
Project("{8BC9CEB8-8B4A-11D0-8D11-00A0C91BC942}") = "lesson_007", "lesson_007\lesson_007.vcxproj", "{19ED0667-B688-454F-B4BF-BD80583499A3}"
EndProject
Project("{8BC9CEB8-8B4A-11D0-8D11-00A0C91BC942}") = "lesson_008", "lesson_008\lesson_008.vcxproj", "{9C077C64-E62C-40FB-BD8E-A73F52EE8D47}"
EndProject
Project("{8BC9CEB8-8B4A-11D0-8D11-00A0C91BC942}") = "lesson_009", "lesson_009\lesson_009.vcxproj", "{C6F53F7B-8CA1-471A-971C-A10566858420}"
EndProject
Project("{8BC9CEB8-8B4A-11D0-8D11-00A0C91BC942}") = "lesson_010", "lesson_010\lesson_010.vcxproj", "{B5BA0D14-E56D-4A23-B7E0-9DFFA2DC4D6E}"
EndProject
Project("{8BC9CEB8-8B4A-11D0-8D11-00A0C91BC942}") = "lesson_011", "lesson_011\lesson_011.vcxproj", "{6934D3D1-C7F3-4205-8773-14E0E922BB1A}"
EndProject
Project("{8BC9CEB8-8B4A-11D0-8D11-00A0C91BC942}") = "lesson_012", "lesson_012\lesson_012.vcxproj", "{4E40F1EC-B458-461E-BE29-7EB605DF7A02}"
EndProject
Project("{8BC9CEB8-8B4A-11D0-8D11-00A0C91BC942}") = "lesson_013", "lesson_013\lesson_013.vcxproj", "{46AC7935-E686-4110-8889-598D72161122}"
EndProject
Project("{8BC9CEB8-8B4A-11D0-8D11-00A0C91BC942}") = "lesson_014", "lesson_014\lesson_014.vcxproj", "{CF6A1B6B-7230-4F8C-87B8-AF119ECAB56D}"
EndProject
Project("{8BC9CEB8-8B4A-11D0-8D11-00A0C91BC942}") = "lesson_015", "lesson_015\lesson_015.vcxproj", "{3F8783BC-8FF7-4084-B8F8-1DA4BC6718B4}"
EndProject
Project("{8BC9CEB8-8B4A-11D0-8D11-00A0C91BC942}") = "lesson_016", "lesson_016\lesson_016.vcxproj", "{B1295F98-AA84-403E-9766-2850B3D73BC3}"
EndProject
Project("{8BC9CEB8-8B4A-11D0-8D11-00A0C91BC942}") = "lesson_017", "lesson_017\lesson_017.vcxproj", "{14F68FD4-E52F-4D67-9E7A-CD0D3DD0D3DC}"
EndProject
Project("{8BC9CEB8-8B4A-11D0-8D11-00A0C91BC942}") = "lesson_018", "lesson_018\lesson_018.vcxproj", "{F0D8C555-9B96-40BD-909C-FFAE3F8C72CB}"
EndProject
Project("{8BC9CEB8-8B4A-11D0-8D11-00A0C91BC942}") = "lesson_019", "lesson_019\lesson_019.vcxproj", "{A9193EC2-D9B9-4DB5-8221-632580628F87}"
EndProject
Project("{8BC9CEB8-8B4A-11D0-8D11-00A0C91BC942}") = "lesson_020", "lesson_020\lesson_020.vcxproj", "{B6B06454-E980-42A1-9806-F79756AFABBC}"
EndProject
Project("{8BC9CEB8-8B4A-11D0-8D11-00A0C91BC942}") = "lesson_021", "lesson_021\lesson_021.vcxproj", "{DB02DC76-FD62-4BC3-9D33-4183E9055468}"
EndProject
Project("{8BC9CEB8-8B4A-11D0-8D11-00A0C91BC942}") = "lesson_022", "lesson_022\lesson_022.vcxproj", "{D2DA962D-0AD7-46FB-A5CD-F49EF59B41F6}"
EndProject
Project("{8BC9CEB8-8B4A-11D0-8D11-00A0C91BC942}") = "lesson_023", "lesson_023\lesson_023.vcxproj", "{CB262987-6D29-4783-8D7D-25EC372DE6B6}"
EndProject
Project("{8BC9CEB8-8B4A-11D0-8D11-00A0C91BC942}") = "lesson_024", "lesson_024\lesson_024.vcxproj", "{8136CF32-A61C-4B66-B194-8512EF3ED719}"
EndProject
Project("{8BC9CEB8-8B4A-11D0-8D11-00A0C91BC942}") = "lesson_025", "lesson_025\lesson_025.vcxproj", "{C53C2A5D-941F-4424-874D-4BCEDC57D813}"
EndProject
Project("{8BC9CEB8-8B4A-11D0-8D11-00A0C91BC942}") = "lesson_026", "lesson_026\lesson_026.vcxproj", "{759BEF55-2C9D-4D5F-800E-8CE91CD31965}"
EndProject
Project("{8BC9CEB8-8B4A-11D0-8D11-00A0C91BC942}") = "lesson_027", "lesson_027\lesson_027.vcxproj", "{3F23D052-B6C7-4BF3-9ABF-9861783C696C}"
EndProject
Project("{8BC9CEB8-8B4A-11D0-8D11-00A0C91BC942}") = "lesson_028", "lesson_028\lesson_028.vcxproj", "{0BD51970-0205-4559-B2C1-85A53CFB3039}"
EndProject
Project("{8BC9CEB8-8B4A-11D0-8D11-00A0C91BC942}") = "lesson_029", "lesson_029\lesson_029.vcxproj", "{73252F8B-B6EA-463D-A778-DBAF4F67A0AB}"
EndProject
Project("{8BC9CEB8-8B4A-11D0-8D11-00A0C91BC942}") = "lesson_030", "lesson_030\lesson_030.vcxproj", "{B20392AA-C25F-4173-A5D6-9826DF0928CC}"
EndProject
Global
	GlobalSection(SolutionConfigurationPlatforms) = preSolution
		Debug|x64 = Debug|x64
		Debug|x86 = Debug|x86
		Release|x64 = Release|x64
		Release|x86 = Release|x86
	EndGlobalSection
	GlobalSection(ProjectConfigurationPlatforms) = postSolution
		{B9CF43B2-C8CA-4699-BE0A-F9345BA14826}.Debug|x64.ActiveCfg = Debug|x64
		{B9CF43B2-C8CA-4699-BE0A-F9345BA14826}.Debug|x64.Build.0 = Debug|x64
		{B9CF43B2-C8CA-4699-BE0A-F9345BA14826}.Debug|x86.ActiveCfg = Debug|Win32
		{B9CF43B2-C8CA-4699-BE0A-F9345BA14826}.Debug|x86.Build.0 = Debug|Win32
		{B9CF43B2-C8CA-4699-BE0A-F9345BA14826}.Release|x64.ActiveCfg = Release|x64
		{B9CF43B2-C8CA-4699-BE0A-F9345BA14826}.Release|x64.Build.0 = Release|x64
		{B9CF43B2-C8CA-4699-BE0A-F9345BA14826}.Release|x86.ActiveCfg = Release|Win32
		{B9CF43B2-C8CA-4699-BE0A-F9345BA14826}.Release|x86.Build.0 = Release|Win32
		{BF9DC729-CBF4-4D87-B622-9659B9ECE26B}.Debug|x64.ActiveCfg = Debug|x64
		{BF9DC729-CBF4-4D87-B622-9659B9ECE26B}.Debug|x64.Build.0 = Debug|x64
		{BF9DC729-CBF4-4D87-B622-9659B9ECE26B}.Debug|x86.ActiveCfg = Debug|Win32
		{BF9DC729-CBF4-4D87-B622-9659B9ECE26B}.Debug|x86.Build.0 = Debug|Win32
		{BF9DC729-CBF4-4D87-B622-9659B9ECE26B}.Release|x64.ActiveCfg = Release|x64
		{BF9DC729-CBF4-4D87-B622-9659B9ECE26B}.Release|x64.Build.0 = Release|x64
		{BF9DC729-CBF4-4D87-B622-9659B9ECE26B}.Release|x86.ActiveCfg = Release|Win32
		{BF9DC729-CBF4-4D87-B622-9659B9ECE26B}.Release|x86.Build.0 = Release|Win32
		{3C96F1C3-E4E8-4710-B32F-E4512B0A2C8D}.Debug|x64.ActiveCfg = Debug|x64
		{3C96F1C3-E4E8-4710-B32F-E4512B0A2C8D}.Debug|x64.Build.0 = Debug|x64
		{3C96F1C3-E4E8-4710-B32F-E4512B0A2C8D}.Debug|x86.ActiveCfg = Debug|Win32
		{3C96F1C3-E4E8-4710-B32F-E4512B0A2C8D}.Debug|x86.Build.0 = Debug|Win32
		{3C96F1C3-E4E8-4710-B32F-E4512B0A2C8D}.Release|x64.ActiveCfg = Release|x64
		{3C96F1C3-E4E8-4710-B32F-E4512B0A2C8D}.Release|x64.Build.0 = Release|x64
		{3C96F1C3-E4E8-4710-B32F-E4512B0A2C8D}.Release|x86.ActiveCfg = Release|Win32
		{3C96F1C3-E4E8-4710-B32F-E4512B0A2C8D}.Release|x86.Build.0 = Release|Win32
		{454C889A-67BB-4AFA-BE0E-D87D1C583FEE}.Debug|x64.ActiveCfg = Debug|x64
		{454C889A-67BB-4AFA-BE0E-D87D1C583FEE}.Debug|x64.Build.0 = Debug|x64
		{454C889A-67BB-4AFA-BE0E-D87D1C583FEE}.Debug|x86.ActiveCfg = Debug|Win32
		{454C889A-67BB-4AFA-BE0E-D87D1C583FEE}.Debug|x86.Build.0 = Debug|Win32
		{454C889A-67BB-4AFA-BE0E-D87D1C583FEE}.Release|x64.ActiveCfg = Release|x64
		{454C889A-67BB-4AFA-BE0E-D87D1C583FEE}.Release|x64.Build.0 = Release|x64
		{454C889A-67BB-4AFA-BE0E-D87D1C583FEE}.Release|x86.ActiveCfg = Release|Win32
		{454C889A-67BB-4AFA-BE0E-D87D1C583FEE}.Release|x86.Build.0 = Release|Win32
		{8F1826EC-2E30-4C1F-9242-4DC7063E02EC}.Debug|x64.ActiveCfg = Debug|x64
		{8F1826EC-2E30-4C1F-9242-4DC7063E02EC}.Debug|x64.Build.0 = Debug|x64
		{8F1826EC-2E30-4C1F-9242-4DC7063E02EC}.Debug|x86.ActiveCfg = Debug|Win32
		{8F1826EC-2E30-4C1F-9242-4DC7063E02EC}.Debug|x86.Build.0 = Debug|Win32
		{8F1826EC-2E30-4C1F-9242-4DC7063E02EC}.Release|x64.ActiveCfg = Release|x64
		{8F1826EC-2E30-4C1F-9242-4DC7063E02EC}.Release|x64.Build.0 = Release|x64
		{8F1826EC-2E30-4C1F-9242-4DC7063E02EC}.Release|x86.ActiveCfg = Release|Win32
		{8F1826EC-2E30-4C1F-9242-4DC7063E02EC}.Release|x86.Build.0 = Release|Win32
		{524DB2EF-2DAE-47A4-8D4C-CD8F31BEFDC4}.Debug|x64.ActiveCfg = Debug|x64
		{524DB2EF-2DAE-47A4-8D4C-CD8F31BEFDC4}.Debug|x64.Build.0 = Debug|x64
		{524DB2EF-2DAE-47A4-8D4C-CD8F31BEFDC4}.Debug|x86.ActiveCfg = Debug|Win32
		{524DB2EF-2DAE-47A4-8D4C-CD8F31BEFDC4}.Debug|x86.Build.0 = Debug|Win32
		{524DB2EF-2DAE-47A4-8D4C-CD8F31BEFDC4}.Release|x64.ActiveCfg = Release|x64
		{524DB2EF-2DAE-47A4-8D4C-CD8F31BEFDC4}.Release|x64.Build.0 = Release|x64
		{524DB2EF-2DAE-47A4-8D4C-CD8F31BEFDC4}.Release|x86.ActiveCfg = Release|Win32
		{524DB2EF-2DAE-47A4-8D4C-CD8F31BEFDC4}.Release|x86.Build.0 = Release|Win32
		{CA1A4DC4-4431-4570-8474-2A24209C5F99}.Debug|x64.ActiveCfg = Debug|x64
		{CA1A4DC4-4431-4570-8474-2A24209C5F99}.Debug|x64.Build.0 = Debug|x64
		{CA1A4DC4-4431-4570-8474-2A24209C5F99}.Debug|x86.ActiveCfg = Debug|Win32
		{CA1A4DC4-4431-4570-8474-2A24209C5F99}.Debug|x86.Build.0 = Debug|Win32
		{CA1A4DC4-4431-4570-8474-2A24209C5F99}.Release|x64.ActiveCfg = Release|x64
		{CA1A4DC4-4431-4570-8474-2A24209C5F99}.Release|x64.Build.0 = Release|x64
		{CA1A4DC4-4431-4570-8474-2A24209C5F99}.Release|x86.ActiveCfg = Release|Win32
		{CA1A4DC4-4431-4570-8474-2A24209C5F99}.Release|x86.Build.0 = Release|Win32
		{19ED0667-B688-454F-B4BF-BD80583499A3}.Debug|x64.ActiveCfg = Debug|x64
		{19ED0667-B688-454F-B4BF-BD80583499A3}.Debug|x64.Build.0 = Debug|x64
		{19ED0667-B688-454F-B4BF-BD80583499A3}.Debug|x86.ActiveCfg = Debug|Win32
		{19ED0667-B688-454F-B4BF-BD80583499A3}.Debug|x86.Build.0 = Debug|Win32
		{19ED0667-B688-454F-B4BF-BD80583499A3}.Release|x64.ActiveCfg = Release|x64
		{19ED0667-B688-454F-B4BF-BD80583499A3}.Release|x64.Build.0 = Release|x64
		{19ED0667-B688-454F-B4BF-BD80583499A3}.Release|x86.ActiveCfg = Release|Win32
		{19ED0667-B688-454F-B4BF-BD80583499A3}.Release|x86.Build.0 = Release|Win32
		{9C077C64-E62C-40FB-BD8E-A73F52EE8D47}.Debug|x64.ActiveCfg = Debug|x64
		{9C077C64-E62C-40FB-BD8E-A73F52EE8D47}.Debug|x64.Build.0 = Debug|x64
		{9C077C64-E62C-40FB-BD8E-A73F52EE8D47}.Debug|x86.ActiveCfg = Debug|Win32
		{9C077C64-E62C-40FB-BD8E-A73F52EE8D47}.Debug|x86.Build.0 = Debug|Win32
		{9C077C64-E62C-40FB-BD8E-A73F52EE8D47}.Release|x64.ActiveCfg = Release|x64
		{9C077C64-E62C-40FB-BD8E-A73F52EE8D47}.Release|x64.Build.0 = Release|x64
		{9C077C64-E62C-40FB-BD8E-A73F52EE8D47}.Release|x86.ActiveCfg = Release|Win32
		{9C077C64-E62C-40FB-BD8E-A73F52EE8D47}.Release|x86.Build.0 = Release|Win32
		{C6F53F7B-8CA1-471A-971C-A10566858420}.Debug|x64.ActiveCfg = Debug|x64
		{C6F53F7B-8CA1-471A-971C-A10566858420}.Debug|x64.Build.0 = Debug|x64
		{C6F53F7B-8CA1-471A-971C-A10566858420}.Debug|x86.ActiveCfg = Debug|Win32
		{C6F53F7B-8CA1-471A-971C-A10566858420}.Debug|x86.Build.0 = Debug|Win32
		{C6F53F7B-8CA1-471A-971C-A10566858420}.Release|x64.ActiveCfg = Release|x64
		{C6F53F7B-8CA1-471A-971C-A10566858420}.Release|x64.Build.0 = Release|x64
		{C6F53F7B-8CA1-471A-971C-A10566858420}.Release|x86.ActiveCfg = Release|Win32
		{C6F53F7B-8CA1-471A-971C-A10566858420}.Release|x86.Build.0 = Release|Win32
		{B5BA0D14-E56D-4A23-B7E0-9DFFA2DC4D6E}.Debug|x64.ActiveCfg = Debug|x64
		{B5BA0D14-E56D-4A23-B7E0-9DFFA2DC4D6E}.Debug|x64.Build.0 = Debug|x64
		{B5BA0D14-E56D-4A23-B7E0-9DFFA2DC4D6E}.Debug|x86.ActiveCfg = Debug|Win32
		{B5BA0D14-E56D-4A23-B7E0-9DFFA2DC4D6E}.Debug|x86.Build.0 = Debug|Win32
		{B5BA0D14-E56D-4A23-B7E0-9DFFA2DC4D6E}.Release|x64.ActiveCfg = Release|x64
		{B5BA0D14-E56D-4A23-B7E0-9DFFA2DC4D6E}.Release|x64.Build.0 = Release|x64
		{B5BA0D14-E56D-4A23-B7E0-9DFFA2DC4D6E}.Release|x86.ActiveCfg = Release|Win32
		{B5BA0D14-E56D-4A23-B7E0-9DFFA2DC4D6E}.Release|x86.Build.0 = Release|Win32
		{6934D3D1-C7F3-4205-8773-14E0E922BB1A}.Debug|x64.ActiveCfg = Debug|x64
		{6934D3D1-C7F3-4205-8773-14E0E922BB1A}.Debug|x64.Build.0 = Debug|x64
		{6934D3D1-C7F3-4205-8773-14E0E922BB1A}.Debug|x86.ActiveCfg = Debug|Win32
		{6934D3D1-C7F3-4205-8773-14E0E922BB1A}.Debug|x86.Build.0 = Debug|Win32
		{6934D3D1-C7F3-4205-8773-14E0E922BB1A}.Release|x64.ActiveCfg = Release|x64
		{6934D3D1-C7F3-4205-8773-14E0E922BB1A}.Release|x64.Build.0 = Release|x64
		{6934D3D1-C7F3-4205-8773-14E0E922BB1A}.Release|x86.ActiveCfg = Release|Win32
		{6934D3D1-C7F3-4205-8773-14E0E922BB1A}.Release|x86.Build.0 = Release|Win32
		{4E40F1EC-B458-461E-BE29-7EB605DF7A02}.Debug|x64.ActiveCfg = Debug|x64
		{4E40F1EC-B458-461E-BE29-7EB605DF7A02}.Debug|x64.Build.0 = Debug|x64
		{4E40F1EC-B458-461E-BE29-7EB605DF7A02}.Debug|x86.ActiveCfg = Debug|Win32
		{4E40F1EC-B458-461E-BE29-7EB605DF7A02}.Debug|x86.Build.0 = Debug|Win32
		{4E40F1EC-B458-461E-BE29-7EB605DF7A02}.Release|x64.ActiveCfg = Release|x64
		{4E40F1EC-B458-461E-BE29-7EB605DF7A02}.Release|x64.Build.0 = Release|x64
		{4E40F1EC-B458-461E-BE29-7EB605DF7A02}.Release|x86.ActiveCfg = Release|Win32
		{4E40F1EC-B458-461E-BE29-7EB605DF7A02}.Release|x86.Build.0 = Release|Win32
		{46AC7935-E686-4110-8889-598D72161122}.Debug|x64.ActiveCfg = Debug|x64
		{46AC7935-E686-4110-8889-598D72161122}.Debug|x64.Build.0 = Debug|x64
		{46AC7935-E686-4110-8889-598D72161122}.Debug|x86.ActiveCfg = Debug|Win32
		{46AC7935-E686-4110-8889-598D72161122}.Debug|x86.Build.0 = Debug|Win32
		{46AC7935-E686-4110-8889-598D72161122}.Release|x64.ActiveCfg = Release|x64
		{46AC7935-E686-4110-8889-598D72161122}.Release|x64.Build.0 = Release|x64
		{46AC7935-E686-4110-8889-598D72161122}.Release|x86.ActiveCfg = Release|Win32
		{46AC7935-E686-4110-8889-598D72161122}.Release|x86.Build.0 = Release|Win32
		{CF6A1B6B-7230-4F8C-87B8-AF119ECAB56D}.Debug|x64.ActiveCfg = Debug|x64
		{CF6A1B6B-7230-4F8C-87B8-AF119ECAB56D}.Debug|x64.Build.0 = Debug|x64
		{CF6A1B6B-7230-4F8C-87B8-AF119ECAB56D}.Debug|x86.ActiveCfg = Debug|Win32
		{CF6A1B6B-7230-4F8C-87B8-AF119ECAB56D}.Debug|x86.Build.0 = Debug|Win32
		{CF6A1B6B-7230-4F8C-87B8-AF119ECAB56D}.Release|x64.ActiveCfg = Release|x64
		{CF6A1B6B-7230-4F8C-87B8-AF119ECAB56D}.Release|x64.Build.0 = Release|x64
		{CF6A1B6B-7230-4F8C-87B8-AF119ECAB56D}.Release|x86.ActiveCfg = Release|Win32
		{CF6A1B6B-7230-4F8C-87B8-AF119ECAB56D}.Release|x86.Build.0 = Release|Win32
		{3F8783BC-8FF7-4084-B8F8-1DA4BC6718B4}.Debug|x64.ActiveCfg = Debug|x64
		{3F8783BC-8FF7-4084-B8F8-1DA4BC6718B4}.Debug|x64.Build.0 = Debug|x64
		{3F8783BC-8FF7-4084-B8F8-1DA4BC6718B4}.Debug|x86.ActiveCfg = Debug|Win32
		{3F8783BC-8FF7-4084-B8F8-1DA4BC6718B4}.Debug|x86.Build.0 = Debug|Win32
		{3F8783BC-8FF7-4084-B8F8-1DA4BC6718B4}.Release|x64.ActiveCfg = Release|x64
		{3F8783BC-8FF7-4084-B8F8-1DA4BC6718B4}.Release|x64.Build.0 = Release|x64
		{3F8783BC-8FF7-4084-B8F8-1DA4BC6718B4}.Release|x86.ActiveCfg = Release|Win32
		{3F8783BC-8FF7-4084-B8F8-1DA4BC6718B4}.Release|x86.Build.0 = Release|Win32
		{B1295F98-AA84-403E-9766-2850B3D73BC3}.Debug|x64.ActiveCfg = Debug|x64
		{B1295F98-AA84-403E-9766-2850B3D73BC3}.Debug|x64.Build.0 = Debug|x64
		{B1295F98-AA84-403E-9766-2850B3D73BC3}.Debug|x86.ActiveCfg = Debug|Win32
		{B1295F98-AA84-403E-9766-2850B3D73BC3}.Debug|x86.Build.0 = Debug|Win32
		{B1295F98-AA84-403E-9766-2850B3D73BC3}.Release|x64.ActiveCfg = Release|x64
		{B1295F98-AA84-403E-9766-2850B3D73BC3}.Release|x64.Build.0 = Release|x64
		{B1295F98-AA84-403E-9766-2850B3D73BC3}.Release|x86.ActiveCfg = Release|Win32
		{B1295F98-AA84-403E-9766-2850B3D73BC3}.Release|x86.Build.0 = Release|Win32
		{14F68FD4-E52F-4D67-9E7A-CD0D3DD0D3DC}.Debug|x64.ActiveCfg = Debug|x64
		{14F68FD4-E52F-4D67-9E7A-CD0D3DD0D3DC}.Debug|x64.Build.0 = Debug|x64
		{14F68FD4-E52F-4D67-9E7A-CD0D3DD0D3DC}.Debug|x86.ActiveCfg = Debug|Win32
		{14F68FD4-E52F-4D67-9E7A-CD0D3DD0D3DC}.Debug|x86.Build.0 = Debug|Win32
		{14F68FD4-E52F-4D67-9E7A-CD0D3DD0D3DC}.Release|x64.ActiveCfg = Release|x64
		{14F68FD4-E52F-4D67-9E7A-CD0D3DD0D3DC}.Release|x64.Build.0 = Release|x64
		{14F68FD4-E52F-4D67-9E7A-CD0D3DD0D3DC}.Release|x86.ActiveCfg = Release|Win32
		{14F68FD4-E52F-4D67-9E7A-CD0D3DD0D3DC}.Release|x86.Build.0 = Release|Win32
		{F0D8C555-9B96-40BD-909C-FFAE3F8C72CB}.Debug|x64.ActiveCfg = Debug|x64
		{F0D8C555-9B96-40BD-909C-FFAE3F8C72CB}.Debug|x64.Build.0 = Debug|x64
		{F0D8C555-9B96-40BD-909C-FFAE3F8C72CB}.Debug|x86.ActiveCfg = Debug|Win32
		{F0D8C555-9B96-40BD-909C-FFAE3F8C72CB}.Debug|x86.Build.0 = Debug|Win32
		{F0D8C555-9B96-40BD-909C-FFAE3F8C72CB}.Release|x64.ActiveCfg = Release|x64
		{F0D8C555-9B96-40BD-909C-FFAE3F8C72CB}.Release|x64.Build.0 = Release|x64
		{F0D8C555-9B96-40BD-909C-FFAE3F8C72CB}.Release|x86.ActiveCfg = Release|Win32
		{F0D8C555-9B96-40BD-909C-FFAE3F8C72CB}.Release|x86.Build.0 = Release|Win32
		{A9193EC2-D9B9-4DB5-8221-632580628F87}.Debug|x64.ActiveCfg = Debug|x64
		{A9193EC2-D9B9-4DB5-8221-632580628F87}.Debug|x64.Build.0 = Debug|x64
		{A9193EC2-D9B9-4DB5-8221-632580628F87}.Debug|x86.ActiveCfg = Debug|Win32
		{A9193EC2-D9B9-4DB5-8221-632580628F87}.Debug|x86.Build.0 = Debug|Win32
		{A9193EC2-D9B9-4DB5-8221-632580628F87}.Release|x64.ActiveCfg = Release|x64
		{A9193EC2-D9B9-4DB5-8221-632580628F87}.Release|x64.Build.0 = Release|x64
		{A9193EC2-D9B9-4DB5-8221-632580628F87}.Release|x86.ActiveCfg = Release|Win32
		{A9193EC2-D9B9-4DB5-8221-632580628F87}.Release|x86.Build.0 = Release|Win32
		{B6B06454-E980-42A1-9806-F79756AFABBC}.Debug|x64.ActiveCfg = Debug|x64
		{B6B06454-E980-42A1-9806-F79756AFABBC}.Debug|x64.Build.0 = Debug|x64
		{B6B06454-E980-42A1-9806-F79756AFABBC}.Debug|x86.ActiveCfg = Debug|Win32
		{B6B06454-E980-42A1-9806-F79756AFABBC}.Debug|x86.Build.0 = Debug|Win32
		{B6B06454-E980-42A1-9806-F79756AFABBC}.Release|x64.ActiveCfg = Release|x64
		{B6B06454-E980-42A1-9806-F79756AFABBC}.Release|x64.Build.0 = Release|x64
		{B6B06454-E980-42A1-9806-F79756AFABBC}.Release|x86.ActiveCfg = Release|Win32
		{B6B06454-E980-42A1-9806-F79756AFABBC}.Release|x86.Build.0 = Release|Win32
		{DB02DC76-FD62-4BC3-9D33-4183E9055468}.Debug|x64.ActiveCfg = Debug|x64
		{DB02DC76-FD62-4BC3-9D33-4183E9055468}.Debug|x64.Build.0 = Debug|x64
		{DB02DC76-FD62-4BC3-9D33-4183E9055468}.Debug|x86.ActiveCfg = Debug|Win32
		{DB02DC76-FD62-4BC3-9D33-4183E9055468}.Debug|x86.Build.0 = Debug|Win32
		{DB02DC76-FD62-4BC3-9D33-4183E9055468}.Release|x64.ActiveCfg = Release|x64
		{DB02DC76-FD62-4BC3-9D33-4183E9055468}.Release|x64.Build.0 = Release|x64
		{DB02DC76-FD62-4BC3-9D33-4183E9055468}.Release|x86.ActiveCfg = Release|Win32
		{DB02DC76-FD62-4BC3-9D33-4183E9055468}.Release|x86.Build.0 = Release|Win32
		{D2DA962D-0AD7-46FB-A5CD-F49EF59B41F6}.Debug|x64.ActiveCfg = Debug|x64
		{D2DA962D-0AD7-46FB-A5CD-F49EF59B41F6}.Debug|x64.Build.0 = Debug|x64
		{D2DA962D-0AD7-46FB-A5CD-F49EF59B41F6}.Debug|x86.ActiveCfg = Debug|Win32
		{D2DA962D-0AD7-46FB-A5CD-F49EF59B41F6}.Debug|x86.Build.0 = Debug|Win32
		{D2DA962D-0AD7-46FB-A5CD-F49EF59B41F6}.Release|x64.ActiveCfg = Release|x64
		{D2DA962D-0AD7-46FB-A5CD-F49EF59B41F6}.Release|x64.Build.0 = Release|x64
		{D2DA962D-0AD7-46FB-A5CD-F49EF59B41F6}.Release|x86.ActiveCfg = Release|Win32
		{D2DA962D-0AD7-46FB-A5CD-F49EF59B41F6}.Release|x86.Build.0 = Release|Win32
		{CB262987-6D29-4783-8D7D-25EC372DE6B6}.Debug|x64.ActiveCfg = Debug|x64
		{CB262987-6D29-4783-8D7D-25EC372DE6B6}.Debug|x64.Build.0 = Debug|x64
		{CB262987-6D29-4783-8D7D-25EC372DE6B6}.Debug|x86.ActiveCfg = Debug|Win32
		{CB262987-6D29-4783-8D7D-25EC372DE6B6}.Debug|x86.Build.0 = Debug|Win32
		{CB262987-6D29-4783-8D7D-25EC372DE6B6}.Release|x64.ActiveCfg = Release|x64
		{CB262987-6D29-4783-8D7D-25EC372DE6B6}.Release|x64.Build.0 = Release|x64
		{CB262987-6D29-4783-8D7D-25EC372DE6B6}.Release|x86.ActiveCfg = Release|Win32
		{CB262987-6D29-4783-8D7D-25EC372DE6B6}.Release|x86.Build.0 = Release|Win32
		{8136CF32-A61C-4B66-B194-8512EF3ED719}.Debug|x64.ActiveCfg = Debug|x64
		{8136CF32-A61C-4B66-B194-8512EF3ED719}.Debug|x64.Build.0 = Debug|x64
		{8136CF32-A61C-4B66-B194-8512EF3ED719}.Debug|x86.ActiveCfg = Debug|Win32
		{8136CF32-A61C-4B66-B194-8512EF3ED719}.Debug|x86.Build.0 = Debug|Win32
		{8136CF32-A61C-4B66-B194-8512EF3ED719}.Release|x64.ActiveCfg = Release|x64
		{8136CF32-A61C-4B66-B194-8512EF3ED719}.Release|x64.Build.0 = Release|x64
		{8136CF32-A61C-4B66-B194-8512EF3ED719}.Release|x86.ActiveCfg = Release|Win32
		{8136CF32-A61C-4B66-B194-8512EF3ED719}.Release|x86.Build.0 = Release|Win32
		{C53C2A5D-941F-4424-874D-4BCEDC57D813}.Debug|x64.ActiveCfg = Debug|x64
		{C53C2A5D-941F-4424-874D-4BCEDC57D813}.Debug|x64.Build.0 = Debug|x64
		{C53C2A5D-941F-4424-874D-4BCEDC57D813}.Debug|x86.ActiveCfg = Debug|Win32
		{C53C2A5D-941F-4424-874D-4BCEDC57D813}.Debug|x86.Build.0 = Debug|Win32
		{C53C2A5D-941F-4424-874D-4BCEDC57D813}.Release|x64.ActiveCfg = Release|x64
		{C53C2A5D-941F-4424-874D-4BCEDC57D813}.Release|x64.Build.0 = Release|x64
		{C53C2A5D-941F-4424-874D-4BCEDC57D813}.Release|x86.ActiveCfg = Release|Win32
		{C53C2A5D-941F-4424-874D-4BCEDC57D813}.Release|x86.Build.0 = Release|Win32
		{759BEF55-2C9D-4D5F-800E-8CE91CD31965}.Debug|x64.ActiveCfg = Debug|x64
		{759BEF55-2C9D-4D5F-800E-8CE91CD31965}.Debug|x64.Build.0 = Debug|x64
		{759BEF55-2C9D-4D5F-800E-8CE91CD31965}.Debug|x86.ActiveCfg = Debug|Win32
		{759BEF55-2C9D-4D5F-800E-8CE91CD31965}.Debug|x86.Build.0 = Debug|Win32
		{759BEF55-2C9D-4D5F-800E-8CE91CD31965}.Release|x64.ActiveCfg = Release|x64
		{759BEF55-2C9D-4D5F-800E-8CE91CD31965}.Release|x64.Build.0 = Release|x64
		{759BEF55-2C9D-4D5F-800E-8CE91CD31965}.Release|x86.ActiveCfg = Release|Win32
		{759BEF55-2C9D-4D5F-800E-8CE91CD31965}.Release|x86.Build.0 = Release|Win32
		{3F23D052-B6C7-4BF3-9ABF-9861783C696C}.Debug|x64.ActiveCfg = Debug|x64
		{3F23D052-B6C7-4BF3-9ABF-9861783C696C}.Debug|x64.Build.0 = Debug|x64
		{3F23D052-B6C7-4BF3-9ABF-9861783C696C}.Debug|x86.ActiveCfg = Debug|Win32
		{3F23D052-B6C7-4BF3-9ABF-9861783C696C}.Debug|x86.Build.0 = Debug|Win32
		{3F23D052-B6C7-4BF3-9ABF-9861783C696C}.Release|x64.ActiveCfg = Release|x64
		{3F23D052-B6C7-4BF3-9ABF-9861783C696C}.Release|x64.Build.0 = Release|x64
		{3F23D052-B6C7-4BF3-9ABF-9861783C696C}.Release|x86.ActiveCfg = Release|Win32
		{3F23D052-B6C7-4BF3-9ABF-9861783C696C}.Release|x86.Build.0 = Release|Win32
		{0BD51970-0205-4559-B2C1-85A53CFB3039}.Debug|x64.ActiveCfg = Debug|x64
		{0BD51970-0205-4559-B2C1-85A53CFB3039}.Debug|x64.Build.0 = Debug|x64
		{0BD51970-0205-4559-B2C1-85A53CFB3039}.Debug|x86.ActiveCfg = Debug|Win32
		{0BD51970-0205-4559-B2C1-85A53CFB3039}.Debug|x86.Build.0 = Debug|Win32
		{0BD51970-0205-4559-B2C1-85A53CFB3039}.Release|x64.ActiveCfg = Release|x64
		{0BD51970-0205-4559-B2C1-85A53CFB3039}.Release|x64.Build.0 = Release|x64
		{0BD51970-0205-4559-B2C1-85A53CFB3039}.Release|x86.ActiveCfg = Release|Win32
		{0BD51970-0205-4559-B2C1-85A53CFB3039}.Release|x86.Build.0 = Release|Win32
		{73252F8B-B6EA-463D-A778-DBAF4F67A0AB}.Debug|x64.ActiveCfg = Debug|x64
		{73252F8B-B6EA-463D-A778-DBAF4F67A0AB}.Debug|x64.Build.0 = Debug|x64
		{73252F8B-B6EA-463D-A778-DBAF4F67A0AB}.Debug|x86.ActiveCfg = Debug|Win32
		{73252F8B-B6EA-463D-A778-DBAF4F67A0AB}.Debug|x86.Build.0 = Debug|Win32
		{73252F8B-B6EA-463D-A778-DBAF4F67A0AB}.Release|x64.ActiveCfg = Release|x64
		{73252F8B-B6EA-463D-A778-DBAF4F67A0AB}.Release|x64.Build.0 = Release|x64
		{73252F8B-B6EA-463D-A778-DBAF4F67A0AB}.Release|x86.ActiveCfg = Release|Win32
		{73252F8B-B6EA-463D-A778-DBAF4F67A0AB}.Release|x86.Build.0 = Release|Win32
		{B20392AA-C25F-4173-A5D6-9826DF0928CC}.Debug|x64.ActiveCfg = Debug|x64
		{B20392AA-C25F-4173-A5D6-9826DF0928CC}.Debug|x64.Build.0 = Debug|x64
		{B20392AA-C25F-4173-A5D6-9826DF0928CC}.Debug|x86.ActiveCfg = Debug|Win32
		{B20392AA-C25F-4173-A5D6-9826DF0928CC}.Debug|x86.Build.0 = Debug|Win32
		{B20392AA-C25F-4173-A5D6-9826DF0928CC}.Release|x64.ActiveCfg = Release|x64
		{B20392AA-C25F-4173-A5D6-9826DF0928CC}.Release|x64.Build.0 = Release|x64
		{B20392AA-C25F-4173-A5D6-9826DF0928CC}.Release|x86.ActiveCfg = Release|Win32
		{B20392AA-C25F-4173-A5D6-9826DF0928CC}.Release|x86.Build.0 = Release|Win32
	EndGlobalSection
	GlobalSection(SolutionProperties) = preSolution
		HideSolutionNode = FALSE
	EndGlobalSection
	GlobalSection(ExtensibilityGlobals) = postSolution
		SolutionGuid = {1847635C-5306-4BBF-A803-45442A3BE611}
	EndGlobalSection
EndGlobal
